{
  "version": 4,
  "terraform_version": "1.1.6",
  "serial": 28,
  "lineage": "8d8bfc88-f0fa-fd13-83e6-da0c9063191d",
  "outputs": {},
  "resources": [
    {
      "mode": "data",
      "type": "google_client_config",
      "name": "default",
      "provider": "provider[\"registry.terraform.io/hashicorp/google\"]",
      "instances": [
        {
          "schema_version": 0,
          "attributes": {
            "access_token": "ya29.A0ARrdaM-id_t3TPw0dbI74FkQfd7uFFVkTjrRnh_YD9-aPB0CGINsodJ0K9GnXI9Y8PX_sd_ilzqYQuVT2fI_hvIoVSRQCDF5mS3E8H69D9jLackIwYucMUki5697sw7DMl4ORPwUed__xLlKDr-JKu_pmfOM",
            "id": "projects/hwterr/regions/us-central1/zones/",
            "project": "hwterr",
            "region": "us-central1",
            "zone": ""
          },
          "sensitive_attributes": []
        }
      ]
    },
    {
      "mode": "data",
      "type": "google_container_cluster",
      "name": "my_cluster",
      "provider": "provider[\"registry.terraform.io/hashicorp/google\"]",
      "instances": [
        {
          "schema_version": 0,
          "attributes": {
            "addons_config": [
              {
                "cloudrun_config": [],
                "horizontal_pod_autoscaling": [],
                "http_load_balancing": [],
                "network_policy_config": [
                  {
                    "disabled": true
                  }
                ]
              }
            ],
            "authenticator_groups_config": [],
            "cluster_autoscaling": [
              {
                "auto_provisioning_defaults": [],
                "enabled": false,
                "resource_limits": []
              }
            ],
            "cluster_ipv4_cidr": "10.216.0.0/14",
            "database_encryption": [
              {
                "key_name": "",
                "state": "DECRYPTED"
              }
            ],
            "default_max_pods_per_node": 110,
            "description": "",
            "enable_binary_authorization": false,
            "enable_intranode_visibility": null,
            "enable_kubernetes_alpha": false,
            "enable_legacy_abac": false,
            "enable_shielded_nodes": false,
            "enable_tpu": null,
            "endpoint": "35.225.211.211",
            "id": "projects/hwterr/locations/us-central1/clusters/hwterr-gke2",
            "initial_node_count": 1,
            "instance_group_urls": [
              "https://www.googleapis.com/compute/v1/projects/hwterr/zones/us-central1-f/instanceGroups/gke-hwterr-gke2-hwterr-gke2-node-pool-2d773ce8-grp",
              "https://www.googleapis.com/compute/v1/projects/hwterr/zones/us-central1-c/instanceGroups/gke-hwterr-gke2-hwterr-gke2-node-pool-8fdd4487-grp",
              "https://www.googleapis.com/compute/v1/projects/hwterr/zones/us-central1-a/instanceGroups/gke-hwterr-gke2-hwterr-gke2-node-pool-8dfb0318-grp"
            ],
            "ip_allocation_policy": [
              {
                "cluster_ipv4_cidr_block": "10.216.0.0/14",
                "cluster_secondary_range_name": "gke-hwterr-gke2-pods-5e0ea8a6",
                "services_ipv4_cidr_block": "10.220.0.0/20",
                "services_secondary_range_name": "gke-hwterr-gke2-services-5e0ea8a6"
              }
            ],
            "label_fingerprint": "a9dc16a7",
            "location": "us-central1",
            "logging_service": "logging.googleapis.com/kubernetes",
            "maintenance_policy": [],
            "master_auth": [
              {
                "client_certificate": "",
                "client_certificate_config": [
                  {
                    "issue_client_certificate": false
                  }
                ],
                "client_key": "",
                "cluster_ca_certificate": "LS0tLS1CRUdJTiBDRVJUSUZJQ0FURS0tLS0tCk1JSUVMVENDQXBXZ0F3SUJBZ0lSQUxpQ1dJLzJQUlR6L3NKZHZFMUFQbmd3RFFZSktvWklodmNOQVFFTEJRQXcKTHpFdE1Dc0dBMVVFQXhNa1pUTXpabVV5TjJNdFl6VTRZaTAwT0RSaExUZ3hOVEF0TTJWallqWmtZV0ptTldJMQpNQ0FYRFRJeU1ESXhOakl3TlRRd01Gb1lEekl3TlRJd01qQTVNakUxTkRBd1dqQXZNUzB3S3dZRFZRUURFeVJsCk16Tm1aVEkzWXkxak5UaGlMVFE0TkdFdE9ERTFNQzB6WldOaU5tUmhZbVkxWWpVd2dnR2lNQTBHQ1NxR1NJYjMKRFFFQkFRVUFBNElCandBd2dnR0tBb0lCZ1FDano2aVlZN2d6RGMyNm90TEkwSXhkQVZUK0dXSk5NaXFqSDI2UAp6M011TlM3RFZ5SzNWU285d1gxUUpFbGdWY2x4cUw5V1ljdGhnditVdDlyYnY5ckhvR0NPKzlxVW1aU2NTdUZ4Cm1vbHFTdzhOVFdwN0g2c2orQjFvMFhVM0FMV0FscVpvQ2U2ZXdjbmVGMmhmbUllemd3aXY1VnAyVzNMc09NSXYKTEU5Q1pUNjRGOVc4dUtZQTRhZm5mdkk3bHZMYVM5Zmo0bXFiQjJqOEFQY0NRT3NGekZ4bU11ZTBvcW0wV1VwSwpHRkEyMFZTRkFzMHNpZzNhMzJBNk9lZWVqclhSRFM3b092TWhHaHpXVkcxekJ2bzAwNVphU3BJWWgreEp1UDA0CjQzOTlhQmc1dk8rbEgrSkd6cGtvbDZJcFNsN1V5SWVxdzlYUlpXZjFGbFVvQmgveW95NkZ1RFNaamkzRko4WEkKZU5HbGdZUXhzSDZIR2NINXl6T0tnZGJsajdJanJUSkZweERNUXRpcXhzRWJBYjZXblBjZndFcnV1b0huUDZrMQpIV3gwNjBhZmxnWXNTUFI3dnVtVk9xTmR5T0NjRmJJdDdQT2c2UVlqaXRBZ3k5N2pGNnlMV1FYb1JySkI1eGN1CnI4YkkwSkRHNHBDY3pJYWRXUytxc3VKcHluOENBd0VBQWFOQ01FQXdEZ1lEVlIwUEFRSC9CQVFEQWdJRU1BOEcKQTFVZEV3RUIvd1FGTUFNQkFmOHdIUVlEVlIwT0JCWUVGSk1WZU9say81c1dyQ00xUTd3MEFmSnliL01qTUEwRwpDU3FHU0liM0RRRUJDd1VBQTRJQmdRQ094L002L0oyam9wWUNiTjNlS2VlR0ovTlFkZHRzMksvUmJMSUN5dEsyCmRvQWtWaXAyZ1BzcnM5cWJuMHpFdVZjUkx4Qnd1Y2xXYWs5UWlpWXRRV1ptZkpiaHVsUzJjVVhNMml0T3F3SzgKSmFDY1FrN0ZFQzlpZ2U1S3Z6ZnY3T3lEcmw4ektZZHBsTUdQVkVnby9mUTJyc3lVd1Z2R2NodjRmVVFwTFJiYQpOVzBTKzk5alNBZ1BsSG5odUtSRnlzRUJuZWJMRTBkc3MxMWkwRVNGZ1FtWE84TmxYNVVmSjQzbDJDeUJEZGIxCjNyQjRKOVgzQ25MbkVCQ0t1cFNLelM2eXFwTWU4R1dpV2gwT1luTFREL3crUm9OTGtoVldldXF2ZWJUbkJGMlAKajI3dXlkMHEzVWJXb05GU1JRdUFBaU9wd1BudDQ3ZE1YOVErZ3ppWWdvdGZRSW85aTQ5N2pyT2tjK3g3NzJFNgpldDM0ZFRCN3ZrK0x6MkRQcWw0YzRhckpxemJ0RVdTY0srSjVLL3VWQmEvN3h2ZjZIamVpSjdmUS85Sm9FRGRsCmJIUmJ3UlY2V0luY0lmYWxoMGN6dmtTQ291OUJyTVB5bCtzM1lWaERoMUdiczRkUHBWdmNhbmJwWkwrVEk5QVAKeVpSNVBVWThhd1MwOTY1TzR0c3cvejQ9Ci0tLS0tRU5EIENFUlRJRklDQVRFLS0tLS0K",
                "password": "",
                "username": ""
              }
            ],
            "master_authorized_networks_config": [],
            "master_version": "1.21.6-gke.1500",
            "min_master_version": null,
            "monitoring_service": "monitoring.googleapis.com/kubernetes",
            "name": "hwterr-gke2",
            "network": "projects/hwterr/global/networks/hwterr-vpc",
            "network_policy": [
              {
                "enabled": false,
                "provider": "PROVIDER_UNSPECIFIED"
              }
            ],
            "node_config": [
              {
                "disk_size_gb": 100,
                "disk_type": "pd-standard",
                "guest_accelerator": [],
                "image_type": "COS_CONTAINERD",
                "labels": {
                  "env": "hwterr"
                },
                "local_ssd_count": 0,
                "machine_type": "n1-standard-1",
                "metadata": {
                  "disable-legacy-endpoints": "true"
                },
                "min_cpu_platform": "",
                "oauth_scopes": [
                  "https://www.googleapis.com/auth/cloud-platform"
                ],
                "preemptible": false,
                "service_account": "default",
                "shielded_instance_config": [
                  {
                    "enable_integrity_monitoring": true,
                    "enable_secure_boot": false
                  }
                ],
                "tags": [
                  "gke-node",
                  "hwterr-gke"
                ],
                "taint": [],
                "workload_metadata_config": []
              }
            ],
            "node_locations": [
              "us-central1-a",
              "us-central1-c",
              "us-central1-f"
            ],
            "node_pool": [
              {
                "autoscaling": [],
                "initial_node_count": 1,
                "instance_group_urls": [
                  "https://www.googleapis.com/compute/v1/projects/hwterr/zones/us-central1-f/instanceGroupManagers/gke-hwterr-gke2-hwterr-gke2-node-pool-2d773ce8-grp",
                  "https://www.googleapis.com/compute/v1/projects/hwterr/zones/us-central1-c/instanceGroupManagers/gke-hwterr-gke2-hwterr-gke2-node-pool-8fdd4487-grp",
                  "https://www.googleapis.com/compute/v1/projects/hwterr/zones/us-central1-a/instanceGroupManagers/gke-hwterr-gke2-hwterr-gke2-node-pool-8dfb0318-grp"
                ],
                "management": [
                  {
                    "auto_repair": true,
                    "auto_upgrade": true
                  }
                ],
                "max_pods_per_node": 110,
                "name": "hwterr-gke2-node-pool",
                "name_prefix": "",
                "node_config": [
                  {
                    "disk_size_gb": 100,
                    "disk_type": "pd-standard",
                    "guest_accelerator": [],
                    "image_type": "COS_CONTAINERD",
                    "labels": {
                      "env": "hwterr"
                    },
                    "local_ssd_count": 0,
                    "machine_type": "n1-standard-1",
                    "metadata": {
                      "disable-legacy-endpoints": "true"
                    },
                    "min_cpu_platform": "",
                    "oauth_scopes": [
                      "https://www.googleapis.com/auth/cloud-platform"
                    ],
                    "preemptible": false,
                    "service_account": "default",
                    "shielded_instance_config": [
                      {
                        "enable_integrity_monitoring": true,
                        "enable_secure_boot": false
                      }
                    ],
                    "tags": [
                      "gke-node",
                      "hwterr-gke"
                    ],
                    "taint": [],
                    "workload_metadata_config": []
                  }
                ],
                "node_count": 1,
                "node_locations": [
                  "us-central1-a",
                  "us-central1-c",
                  "us-central1-f"
                ],
                "upgrade_settings": [
                  {
                    "max_surge": 1,
                    "max_unavailable": 0
                  }
                ],
                "version": "1.21.6-gke.1500"
              }
            ],
            "node_version": "1.21.6-gke.1500",
            "operation": null,
            "pod_security_policy_config": null,
            "private_cluster_config": [],
            "project": "hwterr",
            "release_channel": [
              {
                "channel": "REGULAR"
              }
            ],
            "remove_default_node_pool": null,
            "resource_labels": {},
            "resource_usage_export_config": [],
            "self_link": "https://container.googleapis.com/v1beta1/projects/hwterr/locations/us-central1/clusters/hwterr-gke2",
            "services_ipv4_cidr": "10.220.0.0/20",
            "subnetwork": "projects/hwterr/regions/us-central1/subnetworks/hwterr-subnet",
            "vertical_pod_autoscaling": [],
            "workload_identity_config": []
          },
          "sensitive_attributes": []
        }
      ]
    },
    {
      "mode": "data",
      "type": "terraform_remote_state",
      "name": "gke",
      "provider": "provider[\"terraform.io/builtin/terraform\"]",
      "instances": [
        {
          "schema_version": 0,
          "attributes": {
            "backend": "local",
            "config": {
              "value": {
                "path": "../gk/terraform.tfstate"
              },
              "type": [
                "object",
                {
                  "path": "string"
                }
              ]
            },
            "defaults": null,
            "outputs": {
              "value": {
                "kubernetes_cluster_host": "35.225.211.211",
                "kubernetes_cluster_name": "hwterr-gke2",
                "project_id": "hwterr",
                "region": "us-central1"
              },
              "type": [
                "object",
                {
                  "kubernetes_cluster_host": "string",
                  "kubernetes_cluster_name": "string",
                  "project_id": "string",
                  "region": "string"
                }
              ]
            },
            "workspace": null
          },
          "sensitive_attributes": []
        }
      ]
    },
    {
      "mode": "managed",
      "type": "kubernetes_deployment",
      "name": "helloworld",
      "provider": "provider[\"registry.terraform.io/hashicorp/kubernetes\"]",
      "instances": [
        {
          "schema_version": 1,
          "attributes": {
            "id": "helloworld-namespace/helloworld",
            "metadata": [
              {
                "annotations": null,
                "generate_name": "",
                "generation": 1,
                "labels": {
                  "App": "hello-app"
                },
                "name": "helloworld",
                "namespace": "helloworld-namespace",
                "resource_version": "30316",
                "uid": "5e337a61-4945-44a4-9997-e6a205fd1821"
              }
            ],
            "spec": [
              {
                "min_ready_seconds": 0,
                "paused": false,
                "progress_deadline_seconds": 600,
                "replicas": "2",
                "revision_history_limit": 10,
                "selector": [
                  {
                    "match_expressions": [],
                    "match_labels": {
                      "App": "hello-app"
                    }
                  }
                ],
                "strategy": [
                  {
                    "rolling_update": [
                      {
                        "max_surge": "25%",
                        "max_unavailable": "25%"
                      }
                    ],
                    "type": "RollingUpdate"
                  }
                ],
                "template": [
                  {
                    "metadata": [
                      {
                        "annotations": null,
                        "generate_name": "",
                        "generation": 0,
                        "labels": {
                          "App": "hello-app"
                        },
                        "name": "",
                        "namespace": "",
                        "resource_version": "",
                        "uid": ""
                      }
                    ],
                    "spec": [
                      {
                        "active_deadline_seconds": 0,
                        "affinity": [],
                        "automount_service_account_token": true,
                        "container": [
                          {
                            "args": null,
                            "command": null,
                            "env": [],
                            "env_from": [],
                            "image": "us-central1-docker.pkg.dev/hwterr/hwterr-repo/hello-app:v2",
                            "image_pull_policy": "IfNotPresent",
                            "lifecycle": [],
                            "liveness_probe": [],
                            "name": "example",
                            "port": [
                              {
                                "container_port": 8080,
                                "host_ip": "",
                                "host_port": 0,
                                "name": "",
                                "protocol": "TCP"
                              }
                            ],
                            "readiness_probe": [],
                            "resources": [
                              {
                                "limits": {
                                  "cpu": "500m",
                                  "memory": "512Mi"
                                },
                                "requests": {
                                  "cpu": "250m",
                                  "memory": "50Mi"
                                }
                              }
                            ],
                            "security_context": [],
                            "startup_probe": [],
                            "stdin": false,
                            "stdin_once": false,
                            "termination_message_path": "/dev/termination-log",
                            "termination_message_policy": "File",
                            "tty": false,
                            "volume_mount": [],
                            "working_dir": ""
                          }
                        ],
                        "dns_config": [],
                        "dns_policy": "ClusterFirst",
                        "enable_service_links": true,
                        "host_aliases": [],
                        "host_ipc": false,
                        "host_network": false,
                        "host_pid": false,
                        "hostname": "",
                        "image_pull_secrets": [],
                        "init_container": [],
                        "node_name": "",
                        "node_selector": null,
                        "priority_class_name": "",
                        "readiness_gate": [],
                        "restart_policy": "Always",
                        "security_context": [],
                        "service_account_name": "",
                        "share_process_namespace": false,
                        "subdomain": "",
                        "termination_grace_period_seconds": 30,
                        "toleration": [],
                        "topology_spread_constraint": [],
                        "volume": []
                      }
                    ]
                  }
                ]
              }
            ],
            "timeouts": null,
            "wait_for_rollout": true
          },
          "sensitive_attributes": [],
          "private": "eyJlMmJmYjczMC1lY2FhLTExZTYtOGY4OC0zNDM2M2JjN2M0YzAiOnsiY3JlYXRlIjo2MDAwMDAwMDAwMDAsImRlbGV0ZSI6NjAwMDAwMDAwMDAwLCJ1cGRhdGUiOjYwMDAwMDAwMDAwMH0sInNjaGVtYV92ZXJzaW9uIjoiMSJ9",
          "dependencies": [
            "data.google_client_config.default",
            "data.google_container_cluster.my_cluster",
            "data.terraform_remote_state.gke",
            "kubernetes_namespace.test"
          ]
        }
      ]
    },
    {
      "mode": "managed",
      "type": "kubernetes_namespace",
      "name": "test",
      "provider": "provider[\"registry.terraform.io/hashicorp/kubernetes\"]",
      "instances": [
        {
          "schema_version": 0,
          "attributes": {
            "id": "helloworld-namespace",
            "metadata": [
              {
                "annotations": null,
                "generate_name": "",
                "generation": 0,
                "labels": null,
                "name": "helloworld-namespace",
                "resource_version": "30272",
                "uid": "8128c172-553b-46d6-bd5d-bcbfd4959d61"
              }
            ],
            "timeouts": null
          },
          "sensitive_attributes": [],
          "private": "eyJlMmJmYjczMC1lY2FhLTExZTYtOGY4OC0zNDM2M2JjN2M0YzAiOnsiZGVsZXRlIjozMDAwMDAwMDAwMDB9fQ==",
          "dependencies": [
            "data.google_client_config.default",
            "data.google_container_cluster.my_cluster",
            "data.terraform_remote_state.gke"
          ]
        }
      ]
    },
    {
      "mode": "managed",
      "type": "kubernetes_service",
      "name": "test",
      "provider": "provider[\"registry.terraform.io/hashicorp/kubernetes\"]",
      "instances": [
        {
          "schema_version": 1,
          "attributes": {
            "id": "helloworld-namespace/helloworld",
            "metadata": [
              {
                "annotations": {
                  "cloud.google.com/neg": "{\"ingress\":true}"
                },
                "generate_name": "",
                "generation": 0,
                "labels": null,
                "name": "helloworld",
                "namespace": "helloworld-namespace",
                "resource_version": "30626",
                "uid": "65df35d7-5a8f-4b99-99d2-7ea555f1b687"
              }
            ],
            "spec": [
              {
                "cluster_ip": "10.220.15.31",
                "external_ips": null,
                "external_name": "",
                "external_traffic_policy": "Cluster",
                "health_check_node_port": 0,
                "load_balancer_ip": "",
                "load_balancer_source_ranges": null,
                "port": [
                  {
                    "name": "",
                    "node_port": 32642,
                    "port": 80,
                    "protocol": "TCP",
                    "target_port": "8080"
                  }
                ],
                "publish_not_ready_addresses": false,
                "selector": {
                  "app": "hello-app"
                },
                "session_affinity": "ClientIP",
                "type": "LoadBalancer"
              }
            ],
            "status": [
              {
                "load_balancer": [
                  {
                    "ingress": [
                      {
                        "hostname": "",
                        "ip": "34.122.163.67"
                      }
                    ]
                  }
                ]
              }
            ],
            "timeouts": null,
            "wait_for_load_balancer": true
          },
          "sensitive_attributes": [],
          "private": "eyJlMmJmYjczMC1lY2FhLTExZTYtOGY4OC0zNDM2M2JjN2M0YzAiOnsiY3JlYXRlIjo2MDAwMDAwMDAwMDB9LCJzY2hlbWFfdmVyc2lvbiI6IjEifQ==",
          "dependencies": [
            "data.google_client_config.default",
            "data.google_container_cluster.my_cluster",
            "data.terraform_remote_state.gke",
            "kubernetes_deployment.helloworld",
            "kubernetes_namespace.test"
          ]
        }
      ]
    }
  ]
}
