{
  "version": 4,
  "terraform_version": "1.1.6",
  "serial": 200,
  "lineage": "8d8bfc88-f0fa-fd13-83e6-da0c9063191d",
  "outputs": {},
  "resources": [
    {
      "mode": "data",
      "type": "google_client_config",
      "name": "default",
      "provider": "provider[\"registry.terraform.io/hashicorp/google\"]",
      "instances": [
        {
          "schema_version": 0,
          "attributes": {
            "access_token": "ya29.A0ARrdaM_AsZn7AgUHAZnHuOG0hlJH9mGrmUUZ48QyxYPlrktbvczqa_kBYhjxKl82R3IkJM45VREVdlnoh9KuGG7I6Zkkxfv5gdiPYptzL_QWx8iX7prALvF5MLVrDfQ6RDjcDonozDcPdCTDIPT17LBjXuy1yw",
            "id": "projects/hwterr/regions/us-central1/zones/",
            "project": "hwterr",
            "region": "us-central1",
            "zone": ""
          },
          "sensitive_attributes": []
        }
      ]
    },
    {
      "mode": "data",
      "type": "google_container_cluster",
      "name": "my_cluster",
      "provider": "provider[\"registry.terraform.io/hashicorp/google\"]",
      "instances": [
        {
          "schema_version": 0,
          "attributes": {
            "addons_config": [
              {
                "cloudrun_config": [],
                "horizontal_pod_autoscaling": [],
                "http_load_balancing": [],
                "network_policy_config": [
                  {
                    "disabled": true
                  }
                ]
              }
            ],
            "authenticator_groups_config": [],
            "cluster_autoscaling": [
              {
                "auto_provisioning_defaults": [
                  {
                    "oauth_scopes": [
                      "https://www.googleapis.com/auth/cloud-platform"
                    ],
                    "service_account": "default"
                  }
                ],
                "enabled": true,
                "resource_limits": [
                  {
                    "maximum": 30,
                    "minimum": 6,
                    "resource_type": "cpu"
                  },
                  {
                    "maximum": 48,
                    "minimum": 12,
                    "resource_type": "memory"
                  }
                ]
              }
            ],
            "cluster_ipv4_cidr": "10.84.0.0/14",
            "database_encryption": [
              {
                "key_name": "",
                "state": "DECRYPTED"
              }
            ],
            "default_max_pods_per_node": 110,
            "description": "",
            "enable_binary_authorization": false,
            "enable_intranode_visibility": null,
            "enable_kubernetes_alpha": false,
            "enable_legacy_abac": false,
            "enable_shielded_nodes": false,
            "enable_tpu": null,
            "endpoint": "104.198.191.161",
            "id": "projects/hwterr/locations/us-central1/clusters/hwterr-gke1",
            "initial_node_count": 1,
            "instance_group_urls": [
              "https://www.googleapis.com/compute/v1/projects/hwterr/zones/us-central1-f/instanceGroups/gke-hwterr-gke1-hwterr-gke1-node-pool-b0d1e975-grp",
              "https://www.googleapis.com/compute/v1/projects/hwterr/zones/us-central1-b/instanceGroups/gke-hwterr-gke1-hwterr-gke1-node-pool-6c8ff44f-grp",
              "https://www.googleapis.com/compute/v1/projects/hwterr/zones/us-central1-c/instanceGroups/gke-hwterr-gke1-hwterr-gke1-node-pool-6774d995-grp"
            ],
            "ip_allocation_policy": [
              {
                "cluster_ipv4_cidr_block": "10.84.0.0/14",
                "cluster_secondary_range_name": "gke-hwterr-gke1-pods-f8f137a5",
                "services_ipv4_cidr_block": "10.88.0.0/20",
                "services_secondary_range_name": "gke-hwterr-gke1-services-f8f137a5"
              }
            ],
            "label_fingerprint": "a9dc16a7",
            "location": "us-central1",
            "logging_service": "logging.googleapis.com/kubernetes",
            "maintenance_policy": [],
            "master_auth": [
              {
                "client_certificate": "",
                "client_certificate_config": [
                  {
                    "issue_client_certificate": false
                  }
                ],
                "client_key": "",
                "cluster_ca_certificate": "LS0tLS1CRUdJTiBDRVJUSUZJQ0FURS0tLS0tCk1JSUVMRENDQXBTZ0F3SUJBZ0lRRWNGZlFmZlJ6eXRLRTBMa1AyN2t2VEFOQmdrcWhraUc5dzBCQVFzRkFEQXYKTVMwd0t3WURWUVFERXlReU5qaGhabVJqT1Mwd01tSXdMVFExTnpndFlqQTNaUzB4TXpJNVl6TmpORGt4TkdNdwpJQmNOTWpJd01qRTRNVEUwTXpJNVdoZ1BNakExTWpBeU1URXhNalF6TWpsYU1DOHhMVEFyQmdOVkJBTVRKREkyCk9HRm1aR001TFRBeVlqQXRORFUzT0MxaU1EZGxMVEV6TWpsak0yTTBPVEUwWXpDQ0FhSXdEUVlKS29aSWh2Y04KQVFFQkJRQURnZ0dQQURDQ0FZb0NnZ0dCQUxnU0tBc1lXOTRkVWdnN1ZNQVAweUF5Y0Y5S1hVOXcxSktZSFl3YwpLQ1ZNN0c2ZzRJMW96YjlremQ0UTV0S2x5Tnh3UjE4MjFqazlNc1Y3T2UzUkRoSFBZcnM4RW54YXo3U3psUXNVCkViZXJLV3Yxdyt3S3NPMzU1U1NmbUVtK1VtV3ovR0pnZHdhQ092anE2QStaZmpIMS9BanFONTEwTjAyczAwUHEKWXdFOEhyemhieEpBNnpac1hTYmVIZGJidWhqUzR5a0s3UldlbDlUTmg1RGNyNTZvTXBrRkl6RW5yQXNQbUFIRQpiTFhhaEsrcHJyVGt0WC9PQ2ZUcDhOZFptL0ljWEJya1c0R0hjU3VQSXg5eWZiWlFLb05aVzJNWEZ2b2FXTEJYClNyZXdLbFIveEVWN2VUK1grUHJYR0Jma2NUR25Ydk5pdW1ySTBJTU5GK1cvRHNNQkZMZDRqQnFTV0pORVhGWmwKY2JCU1V2Z0JPbmlRcmJvekRCajRva1FzREx5ai9kd0p6M3VKRmxhWXV1RWIvS0cvNDB6U0RGTWhzdUtUejFtWgpaNEJtRHc4KzRiQW1KNW0rNmFpdXltdnloUDBnWWU4ejA0THRBRFNRSWY3Ym9TcFlqQ05lbkFGQjVtVnNTdWE5Cmtnb2xha3FlRVFjNGFraGZqZWQvRWRZbHd3SURBUUFCbzBJd1FEQU9CZ05WSFE4QkFmOEVCQU1DQWdRd0R3WUQKVlIwVEFRSC9CQVV3QXdFQi96QWRCZ05WSFE0RUZnUVVVb1NnMmk2aU5JaWhkVXRaTURSOFpWSE9MRTR3RFFZSgpLb1pJaHZjTkFRRUxCUUFEZ2dHQkFMSU8va1JhSkxlUnIzT0pzUDJ1VDhXKzBKWXNVTDNrT1E5ZE9OZGZxbzBECkM4QjFXZjlMN0R4aktBdHU1Tzk2c1JhWDBoblA4VXgxaFdEaHR5Z0RXVWZmaEc5TWdZZ20vSG9CZHZZN1FSSFgKUWJRYUdmWDJ0dkFvelVYNHJpNnAzNytranNWZEpaOEF3TGw0Rkc5QkNWc3RMVTA4WFNOWWpZYVV4VUx4TGdFQwpjQW0zZzdNanVSbVdTdGZqZ3Y2ekRia3BtRmN6d0lUK0pac1hjZlNFdEFhUklhVG5DRFVjRFNBejlKWkxIeXgwCjFPblJhZ3NCSWdFT2VqUDFBalg1UHl4bDFiMG9xcjdISm4wcHdWMFVoWVZ5NWtDTUdKSEY0UXd1c28rT0VsZ00KV0lnT3VXUUdocDNwNjUvQnVsc0pOYUFVeXJYL0F6c0ZYTHhOVTlQeTFlT3RnajBEQWRDMUNIQlRjV1VPT0NDaApaemZHaE1rOUdxbVQ2SDRlK1JlK3hoQ3lGUWxhZGlnZ1pTZHV2UWpJV2szbHBXRkNFTkRpdHdVY2V6T0dWSE16Ck1GUkdWUEtaUHpSZ2k5OXFobndaaFFUZ2Q3cGswWlZGSk1USWxNM1BZOGdmOWhCTEJhM3BuNDMzMGp4NGx5U1AKMkFyV0ZBR1IzRTE2MGNuQWdZS051Zz09Ci0tLS0tRU5EIENFUlRJRklDQVRFLS0tLS0K",
                "password": "",
                "username": ""
              }
            ],
            "master_authorized_networks_config": [],
            "master_version": "1.21.6-gke.1500",
            "min_master_version": null,
            "monitoring_service": "monitoring.googleapis.com/kubernetes",
            "name": "hwterr-gke1",
            "network": "projects/hwterr/global/networks/hwterr-vpc",
            "network_policy": [
              {
                "enabled": false,
                "provider": "PROVIDER_UNSPECIFIED"
              }
            ],
            "node_config": [
              {
                "disk_size_gb": 100,
                "disk_type": "pd-standard",
                "guest_accelerator": [],
                "image_type": "COS_CONTAINERD",
                "labels": {
                  "env": "hwterr"
                },
                "local_ssd_count": 0,
                "machine_type": "e2-medium",
                "metadata": {
                  "disable-legacy-endpoints": "true"
                },
                "min_cpu_platform": "",
                "oauth_scopes": [
                  "https://www.googleapis.com/auth/cloud-platform"
                ],
                "preemptible": false,
                "service_account": "default",
                "shielded_instance_config": [
                  {
                    "enable_integrity_monitoring": true,
                    "enable_secure_boot": false
                  }
                ],
                "tags": [
                  "gke-node",
                  "hwterr-gke"
                ],
                "taint": [],
                "workload_metadata_config": []
              }
            ],
            "node_locations": [
              "us-central1-b",
              "us-central1-c",
              "us-central1-f"
            ],
            "node_pool": [
              {
                "autoscaling": [
                  {
                    "max_node_count": 6,
                    "min_node_count": 1
                  }
                ],
                "initial_node_count": 1,
                "instance_group_urls": [
                  "https://www.googleapis.com/compute/v1/projects/hwterr/zones/us-central1-f/instanceGroupManagers/gke-hwterr-gke1-hwterr-gke1-node-pool-b0d1e975-grp",
                  "https://www.googleapis.com/compute/v1/projects/hwterr/zones/us-central1-b/instanceGroupManagers/gke-hwterr-gke1-hwterr-gke1-node-pool-6c8ff44f-grp",
                  "https://www.googleapis.com/compute/v1/projects/hwterr/zones/us-central1-c/instanceGroupManagers/gke-hwterr-gke1-hwterr-gke1-node-pool-6774d995-grp"
                ],
                "management": [
                  {
                    "auto_repair": true,
                    "auto_upgrade": true
                  }
                ],
                "max_pods_per_node": 110,
                "name": "hwterr-gke1-node-pool",
                "name_prefix": "",
                "node_config": [
                  {
                    "disk_size_gb": 100,
                    "disk_type": "pd-standard",
                    "guest_accelerator": [],
                    "image_type": "COS_CONTAINERD",
                    "labels": {
                      "env": "hwterr"
                    },
                    "local_ssd_count": 0,
                    "machine_type": "e2-medium",
                    "metadata": {
                      "disable-legacy-endpoints": "true"
                    },
                    "min_cpu_platform": "",
                    "oauth_scopes": [
                      "https://www.googleapis.com/auth/cloud-platform"
                    ],
                    "preemptible": false,
                    "service_account": "default",
                    "shielded_instance_config": [
                      {
                        "enable_integrity_monitoring": true,
                        "enable_secure_boot": false
                      }
                    ],
                    "tags": [
                      "gke-node",
                      "hwterr-gke"
                    ],
                    "taint": [],
                    "workload_metadata_config": []
                  }
                ],
                "node_count": 1,
                "node_locations": [
                  "us-central1-b",
                  "us-central1-c",
                  "us-central1-f"
                ],
                "upgrade_settings": [
                  {
                    "max_surge": 1,
                    "max_unavailable": 0
                  }
                ],
                "version": "1.21.6-gke.1500"
              }
            ],
            "node_version": "1.21.6-gke.1500",
            "operation": null,
            "pod_security_policy_config": null,
            "private_cluster_config": [],
            "project": "hwterr",
            "release_channel": [
              {
                "channel": "REGULAR"
              }
            ],
            "remove_default_node_pool": null,
            "resource_labels": {},
            "resource_usage_export_config": [],
            "self_link": "https://container.googleapis.com/v1beta1/projects/hwterr/locations/us-central1/clusters/hwterr-gke1",
            "services_ipv4_cidr": "10.88.0.0/20",
            "subnetwork": "projects/hwterr/regions/us-central1/subnetworks/hwterr-subnet",
            "vertical_pod_autoscaling": [],
            "workload_identity_config": []
          },
          "sensitive_attributes": []
        }
      ]
    },
    {
      "mode": "data",
      "type": "terraform_remote_state",
      "name": "gke",
      "provider": "provider[\"terraform.io/builtin/terraform\"]",
      "instances": [
        {
          "schema_version": 0,
          "attributes": {
            "backend": "local",
            "config": {
              "value": {
                "path": "../gk/terraform.tfstate"
              },
              "type": [
                "object",
                {
                  "path": "string"
                }
              ]
            },
            "defaults": null,
            "outputs": {
              "value": {
                "kubernetes_cluster_host": "104.198.191.161",
                "kubernetes_cluster_name": "hwterr-gke1",
                "project_id": "hwterr",
                "region": "us-central1"
              },
              "type": [
                "object",
                {
                  "kubernetes_cluster_host": "string",
                  "kubernetes_cluster_name": "string",
                  "project_id": "string",
                  "region": "string"
                }
              ]
            },
            "workspace": null
          },
          "sensitive_attributes": []
        }
      ]
    },
    {
      "mode": "managed",
      "type": "google_filestore_instance",
      "name": "instance",
      "provider": "provider[\"registry.terraform.io/hashicorp/google\"]",
      "instances": [
        {
          "schema_version": 0,
          "attributes": {
            "create_time": "2022-02-18T14:57:52.482262064Z",
            "description": "",
            "etag": "",
            "file_shares": [
              {
                "capacity_gb": 1260,
                "name": "share1"
              }
            ],
            "id": "projects/hwterr/locations/us-central1-b/instances/helloworld-instance",
            "labels": null,
            "name": "helloworld-instance",
            "networks": [
              {
                "ip_addresses": [
                  "172.21.210.98"
                ],
                "modes": [
                  "MODE_IPV4"
                ],
                "network": "hwterr-vpc",
                "reserved_ip_range": "172.21.210.96/29"
              }
            ],
            "project": "hwterr",
            "tier": "BASIC_HDD",
            "timeouts": null,
            "zone": "us-central1-b"
          },
          "sensitive_attributes": [],
          "private": "eyJlMmJmYjczMC1lY2FhLTExZTYtOGY4OC0zNDM2M2JjN2M0YzAiOnsiY3JlYXRlIjozNjAwMDAwMDAwMDAsImRlbGV0ZSI6MzYwMDAwMDAwMDAwLCJ1cGRhdGUiOjM2MDAwMDAwMDAwMH19",
          "dependencies": [
            "data.terraform_remote_state.gke"
          ]
        }
      ]
    },
    {
      "mode": "managed",
      "type": "kubernetes_deployment",
      "name": "helloworld",
      "provider": "provider[\"registry.terraform.io/hashicorp/kubernetes\"]",
      "instances": [
        {
          "schema_version": 1,
          "attributes": {
            "id": "helloworld-namespace/helloworld",
            "metadata": [
              {
                "annotations": null,
                "generate_name": "",
                "generation": 1,
                "labels": {
                  "app": "hello-app"
                },
                "name": "helloworld",
                "namespace": "helloworld-namespace",
                "resource_version": "61372",
                "uid": "f009be32-6026-4596-9c3c-7494208f1871"
              }
            ],
            "spec": [
              {
                "min_ready_seconds": 0,
                "paused": false,
                "progress_deadline_seconds": 600,
                "replicas": "2",
                "revision_history_limit": 10,
                "selector": [
                  {
                    "match_expressions": [],
                    "match_labels": {
                      "app": "hello-app"
                    }
                  }
                ],
                "strategy": [
                  {
                    "rolling_update": [
                      {
                        "max_surge": "25%",
                        "max_unavailable": "25%"
                      }
                    ],
                    "type": "RollingUpdate"
                  }
                ],
                "template": [
                  {
                    "metadata": [
                      {
                        "annotations": null,
                        "generate_name": "",
                        "generation": 0,
                        "labels": {
                          "app": "hello-app"
                        },
                        "name": "",
                        "namespace": "",
                        "resource_version": "",
                        "uid": ""
                      }
                    ],
                    "spec": [
                      {
                        "active_deadline_seconds": 0,
                        "affinity": [],
                        "automount_service_account_token": true,
                        "container": [
                          {
                            "args": null,
                            "command": null,
                            "env": [],
                            "env_from": [],
                            "image": "us-central1-docker.pkg.dev/hwterr/hwterr-repo/hello-app:v2",
                            "image_pull_policy": "IfNotPresent",
                            "lifecycle": [],
                            "liveness_probe": [],
                            "name": "example",
                            "port": [
                              {
                                "container_port": 8080,
                                "host_ip": "",
                                "host_port": 0,
                                "name": "",
                                "protocol": "TCP"
                              }
                            ],
                            "readiness_probe": [],
                            "resources": [
                              {
                                "limits": {
                                  "cpu": "500m",
                                  "memory": "512Mi"
                                },
                                "requests": {
                                  "cpu": "250m",
                                  "memory": "50Mi"
                                }
                              }
                            ],
                            "security_context": [],
                            "startup_probe": [],
                            "stdin": false,
                            "stdin_once": false,
                            "termination_message_path": "/dev/termination-log",
                            "termination_message_policy": "File",
                            "tty": false,
                            "volume_mount": [],
                            "working_dir": ""
                          }
                        ],
                        "dns_config": [],
                        "dns_policy": "ClusterFirst",
                        "enable_service_links": true,
                        "host_aliases": [],
                        "host_ipc": false,
                        "host_network": false,
                        "host_pid": false,
                        "hostname": "",
                        "image_pull_secrets": [],
                        "init_container": [],
                        "node_name": "",
                        "node_selector": null,
                        "priority_class_name": "",
                        "readiness_gate": [],
                        "restart_policy": "Always",
                        "security_context": [],
                        "service_account_name": "",
                        "share_process_namespace": false,
                        "subdomain": "",
                        "termination_grace_period_seconds": 30,
                        "toleration": [],
                        "topology_spread_constraint": [],
                        "volume": []
                      }
                    ]
                  }
                ]
              }
            ],
            "timeouts": null,
            "wait_for_rollout": true
          },
          "sensitive_attributes": [],
          "private": "eyJlMmJmYjczMC1lY2FhLTExZTYtOGY4OC0zNDM2M2JjN2M0YzAiOnsiY3JlYXRlIjo2MDAwMDAwMDAwMDAsImRlbGV0ZSI6NjAwMDAwMDAwMDAwLCJ1cGRhdGUiOjYwMDAwMDAwMDAwMH0sInNjaGVtYV92ZXJzaW9uIjoiMSJ9",
          "dependencies": [
            "data.google_client_config.default",
            "data.google_container_cluster.my_cluster",
            "data.terraform_remote_state.gke",
            "kubernetes_namespace.test"
          ]
        }
      ]
    },
    {
      "mode": "managed",
      "type": "kubernetes_horizontal_pod_autoscaler",
      "name": "helloworldhpa",
      "provider": "provider[\"registry.terraform.io/hashicorp/kubernetes\"]",
      "instances": [
        {
          "schema_version": 0,
          "attributes": {
            "id": "default/helloworldhpa",
            "metadata": [
              {
                "annotations": null,
                "generate_name": "",
                "generation": 0,
                "labels": null,
                "name": "helloworldhpa",
                "namespace": "default",
                "resource_version": "61311",
                "uid": "3cf80e89-6eed-4565-9c77-fabf74a7939b"
              }
            ],
            "spec": [
              {
                "behavior": [],
                "max_replicas": 3,
                "metric": [],
                "min_replicas": 2,
                "scale_target_ref": [
                  {
                    "api_version": "",
                    "kind": "Deployment",
                    "name": "helloworld"
                  }
                ],
                "target_cpu_utilization_percentage": 50
              }
            ]
          },
          "sensitive_attributes": [],
          "private": "bnVsbA==",
          "dependencies": [
            "data.google_client_config.default",
            "data.google_container_cluster.my_cluster",
            "data.terraform_remote_state.gke"
          ]
        }
      ]
    },
    {
      "mode": "managed",
      "type": "kubernetes_namespace",
      "name": "test",
      "provider": "provider[\"registry.terraform.io/hashicorp/kubernetes\"]",
      "instances": [
        {
          "schema_version": 0,
          "attributes": {
            "id": "helloworld-namespace",
            "metadata": [
              {
                "annotations": null,
                "generate_name": "",
                "generation": 0,
                "labels": null,
                "name": "helloworld-namespace",
                "resource_version": "61312",
                "uid": "b0b6d352-e993-4cfe-b77d-8c2410a8a9a1"
              }
            ],
            "timeouts": null
          },
          "sensitive_attributes": [],
          "private": "eyJlMmJmYjczMC1lY2FhLTExZTYtOGY4OC0zNDM2M2JjN2M0YzAiOnsiZGVsZXRlIjozMDAwMDAwMDAwMDB9fQ==",
          "dependencies": [
            "data.google_client_config.default",
            "data.google_container_cluster.my_cluster",
            "data.terraform_remote_state.gke"
          ]
        }
      ]
    },
    {
      "mode": "managed",
      "type": "kubernetes_persistent_volume",
      "name": "persistentvolume",
      "provider": "provider[\"registry.terraform.io/hashicorp/kubernetes\"]",
      "instances": [
        {
          "schema_version": 0,
          "attributes": {
            "id": "share1",
            "metadata": [
              {
                "annotations": null,
                "generation": 0,
                "labels": null,
                "name": "share1",
                "resource_version": "62708",
                "uid": "93f1fcc9-a38b-4c19-9024-dfeea83805ab"
              }
            ],
            "spec": [
              {
                "access_modes": [
                  "ReadWriteMany"
                ],
                "capacity": {
                  "storage": "2Gi"
                },
                "claim_ref": [],
                "mount_options": null,
                "node_affinity": [],
                "persistent_volume_reclaim_policy": "Retain",
                "persistent_volume_source": [
                  {
                    "aws_elastic_block_store": [],
                    "azure_disk": [],
                    "azure_file": [],
                    "ceph_fs": [],
                    "cinder": [],
                    "csi": [],
                    "fc": [],
                    "flex_volume": [],
                    "flocker": [],
                    "gce_persistent_disk": [],
                    "glusterfs": [],
                    "host_path": [],
                    "iscsi": [],
                    "local": [],
                    "nfs": [
                      {
                        "path": "/share1",
                        "read_only": false,
                        "server": "172.21.210.98"
                      }
                    ],
                    "photon_persistent_disk": [],
                    "quobyte": [],
                    "rbd": [],
                    "vsphere_volume": []
                  }
                ],
                "storage_class_name": "",
                "volume_mode": "Filesystem"
              }
            ],
            "timeouts": null
          },
          "sensitive_attributes": [],
          "private": "eyJlMmJmYjczMC1lY2FhLTExZTYtOGY4OC0zNDM2M2JjN2M0YzAiOnsiY3JlYXRlIjozMDAwMDAwMDAwMDB9fQ==",
          "dependencies": [
            "data.google_client_config.default",
            "data.google_container_cluster.my_cluster",
            "data.terraform_remote_state.gke",
            "google_filestore_instance.instance"
          ]
        }
      ]
    },
    {
      "mode": "managed",
      "type": "kubernetes_persistent_volume_claim",
      "name": "app",
      "provider": "provider[\"registry.terraform.io/hashicorp/kubernetes\"]",
      "instances": [
        {
          "status": "tainted",
          "schema_version": 0,
          "attributes": {
            "id": "default/app-hwterr",
            "metadata": [
              {
                "annotations": null,
                "generate_name": "",
                "generation": 0,
                "labels": null,
                "name": "app-hwterr",
                "namespace": "default",
                "resource_version": "",
                "uid": ""
              }
            ],
            "spec": [
              {
                "access_modes": [
                  "ReadWriteOnce"
                ],
                "resources": [
                  {
                    "limits": null,
                    "requests": {
                      "storage": "2Gi"
                    }
                  }
                ],
                "selector": [],
                "storage_class_name": "standard",
                "volume_name": "share1"
              }
            ],
            "timeouts": null,
            "wait_until_bound": true
          },
          "sensitive_attributes": [],
          "private": "eyJlMmJmYjczMC1lY2FhLTExZTYtOGY4OC0zNDM2M2JjN2M0YzAiOnsiY3JlYXRlIjozMDAwMDAwMDAwMDB9fQ==",
          "dependencies": [
            "data.google_client_config.default",
            "data.google_container_cluster.my_cluster",
            "data.terraform_remote_state.gke",
            "google_filestore_instance.instance",
            "kubernetes_persistent_volume.persistentvolume"
          ]
        }
      ]
    },
    {
      "mode": "managed",
      "type": "kubernetes_service",
      "name": "test",
      "provider": "provider[\"registry.terraform.io/hashicorp/kubernetes\"]",
      "instances": [
        {
          "schema_version": 1,
          "attributes": {
            "id": "helloworld-namespace/helloworld",
            "metadata": [
              {
                "annotations": {
                  "cloud.google.com/neg": "{\"ingress\":true}"
                },
                "generate_name": "",
                "generation": 0,
                "labels": null,
                "name": "helloworld",
                "namespace": "helloworld-namespace",
                "resource_version": "61731",
                "uid": "87b411d1-2b52-4bb2-84d6-a002e9ed49de"
              }
            ],
            "spec": [
              {
                "cluster_ip": "10.88.15.14",
                "external_ips": null,
                "external_name": "",
                "external_traffic_policy": "Cluster",
                "health_check_node_port": 0,
                "load_balancer_ip": "",
                "load_balancer_source_ranges": null,
                "port": [
                  {
                    "name": "",
                    "node_port": 32202,
                    "port": 80,
                    "protocol": "TCP",
                    "target_port": "8080"
                  }
                ],
                "publish_not_ready_addresses": false,
                "selector": {
                  "app": "hello-app"
                },
                "session_affinity": "ClientIP",
                "type": "LoadBalancer"
              }
            ],
            "status": [
              {
                "load_balancer": [
                  {
                    "ingress": [
                      {
                        "hostname": "",
                        "ip": "35.224.27.10"
                      }
                    ]
                  }
                ]
              }
            ],
            "timeouts": null,
            "wait_for_load_balancer": true
          },
          "sensitive_attributes": [],
          "private": "eyJlMmJmYjczMC1lY2FhLTExZTYtOGY4OC0zNDM2M2JjN2M0YzAiOnsiY3JlYXRlIjo2MDAwMDAwMDAwMDB9LCJzY2hlbWFfdmVyc2lvbiI6IjEifQ==",
          "dependencies": [
            "data.google_client_config.default",
            "data.google_container_cluster.my_cluster",
            "data.terraform_remote_state.gke",
            "kubernetes_deployment.helloworld",
            "kubernetes_namespace.test"
          ]
        }
      ]
    }
  ]
}
