{
  "version": 4,
  "terraform_version": "1.1.6",
  "serial": 11,
  "lineage": "465d7d8e-80b0-3108-74fb-ad411dd722bb",
  "outputs": {
    "kubernetes_cluster_host": {
      "value": "35.225.211.211",
      "type": "string"
    },
    "kubernetes_cluster_name": {
      "value": "hwterr-gke2",
      "type": "string"
    },
    "project_id": {
      "value": "hwterr",
      "type": "string"
    },
    "region": {
      "value": "us-central1",
      "type": "string"
    }
  },
  "resources": [
    {
      "mode": "managed",
      "type": "google_compute_network",
      "name": "vpc",
      "provider": "provider[\"registry.terraform.io/hashicorp/google\"]",
      "instances": [
        {
          "schema_version": 0,
          "attributes": {
            "auto_create_subnetworks": false,
            "delete_default_routes_on_create": false,
            "description": "",
            "gateway_ipv4": "",
            "id": "projects/hwterr/global/networks/hwterr-vpc",
            "mtu": 0,
            "name": "hwterr-vpc",
            "project": "hwterr",
            "routing_mode": "REGIONAL",
            "self_link": "https://www.googleapis.com/compute/v1/projects/hwterr/global/networks/hwterr-vpc",
            "timeouts": null
          },
          "sensitive_attributes": [],
          "private": "eyJlMmJmYjczMC1lY2FhLTExZTYtOGY4OC0zNDM2M2JjN2M0YzAiOnsiY3JlYXRlIjoyNDAwMDAwMDAwMDAsImRlbGV0ZSI6MjQwMDAwMDAwMDAwLCJ1cGRhdGUiOjI0MDAwMDAwMDAwMH19"
        }
      ]
    },
    {
      "mode": "managed",
      "type": "google_compute_subnetwork",
      "name": "subnet",
      "provider": "provider[\"registry.terraform.io/hashicorp/google\"]",
      "instances": [
        {
          "schema_version": 0,
          "attributes": {
            "creation_timestamp": "2022-02-16T02:15:38.661-08:00",
            "description": "",
            "fingerprint": null,
            "gateway_address": "10.10.0.1",
            "id": "projects/hwterr/regions/us-central1/subnetworks/hwterr-subnet",
            "ip_cidr_range": "10.10.0.0/24",
            "log_config": [],
            "name": "hwterr-subnet",
            "network": "https://www.googleapis.com/compute/v1/projects/hwterr/global/networks/hwterr-vpc",
            "private_ip_google_access": false,
            "private_ipv6_google_access": "DISABLE_GOOGLE_ACCESS",
            "project": "hwterr",
            "region": "us-central1",
            "secondary_ip_range": [],
            "self_link": "https://www.googleapis.com/compute/v1/projects/hwterr/regions/us-central1/subnetworks/hwterr-subnet",
            "timeouts": null
          },
          "sensitive_attributes": [],
          "private": "eyJlMmJmYjczMC1lY2FhLTExZTYtOGY4OC0zNDM2M2JjN2M0YzAiOnsiY3JlYXRlIjozNjAwMDAwMDAwMDAsImRlbGV0ZSI6MzYwMDAwMDAwMDAwLCJ1cGRhdGUiOjM2MDAwMDAwMDAwMH19",
          "dependencies": [
            "google_compute_network.vpc"
          ]
        }
      ]
    },
    {
      "mode": "managed",
      "type": "google_container_cluster",
      "name": "primary",
      "provider": "provider[\"registry.terraform.io/hashicorp/google\"]",
      "instances": [
        {
          "schema_version": 1,
          "attributes": {
            "addons_config": [
              {
                "cloudrun_config": [],
                "horizontal_pod_autoscaling": [],
                "http_load_balancing": [],
                "network_policy_config": [
                  {
                    "disabled": true
                  }
                ]
              }
            ],
            "authenticator_groups_config": [],
            "cluster_autoscaling": [
              {
                "auto_provisioning_defaults": [],
                "enabled": false,
                "resource_limits": []
              }
            ],
            "cluster_ipv4_cidr": "10.216.0.0/14",
            "database_encryption": [
              {
                "key_name": "",
                "state": "DECRYPTED"
              }
            ],
            "default_max_pods_per_node": 110,
            "description": "",
            "enable_binary_authorization": false,
            "enable_intranode_visibility": null,
            "enable_kubernetes_alpha": false,
            "enable_legacy_abac": false,
            "enable_shielded_nodes": false,
            "enable_tpu": null,
            "endpoint": "35.225.211.211",
            "id": "projects/hwterr/locations/us-central1/clusters/hwterr-gke2",
            "initial_node_count": 1,
            "instance_group_urls": [],
            "ip_allocation_policy": [
              {
                "cluster_ipv4_cidr_block": "10.216.0.0/14",
                "cluster_secondary_range_name": "gke-hwterr-gke2-pods-5e0ea8a6",
                "services_ipv4_cidr_block": "10.220.0.0/20",
                "services_secondary_range_name": "gke-hwterr-gke2-services-5e0ea8a6"
              }
            ],
            "label_fingerprint": "a9dc16a7",
            "location": "us-central1",
            "logging_service": "logging.googleapis.com/kubernetes",
            "maintenance_policy": [],
            "master_auth": [
              {
                "client_certificate": "",
                "client_certificate_config": [
                  {
                    "issue_client_certificate": false
                  }
                ],
                "client_key": "",
                "cluster_ca_certificate": "LS0tLS1CRUdJTiBDRVJUSUZJQ0FURS0tLS0tCk1JSUVMVENDQXBXZ0F3SUJBZ0lSQUxpQ1dJLzJQUlR6L3NKZHZFMUFQbmd3RFFZSktvWklodmNOQVFFTEJRQXcKTHpFdE1Dc0dBMVVFQXhNa1pUTXpabVV5TjJNdFl6VTRZaTAwT0RSaExUZ3hOVEF0TTJWallqWmtZV0ptTldJMQpNQ0FYRFRJeU1ESXhOakl3TlRRd01Gb1lEekl3TlRJd01qQTVNakUxTkRBd1dqQXZNUzB3S3dZRFZRUURFeVJsCk16Tm1aVEkzWXkxak5UaGlMVFE0TkdFdE9ERTFNQzB6WldOaU5tUmhZbVkxWWpVd2dnR2lNQTBHQ1NxR1NJYjMKRFFFQkFRVUFBNElCandBd2dnR0tBb0lCZ1FDano2aVlZN2d6RGMyNm90TEkwSXhkQVZUK0dXSk5NaXFqSDI2UAp6M011TlM3RFZ5SzNWU285d1gxUUpFbGdWY2x4cUw5V1ljdGhnditVdDlyYnY5ckhvR0NPKzlxVW1aU2NTdUZ4Cm1vbHFTdzhOVFdwN0g2c2orQjFvMFhVM0FMV0FscVpvQ2U2ZXdjbmVGMmhmbUllemd3aXY1VnAyVzNMc09NSXYKTEU5Q1pUNjRGOVc4dUtZQTRhZm5mdkk3bHZMYVM5Zmo0bXFiQjJqOEFQY0NRT3NGekZ4bU11ZTBvcW0wV1VwSwpHRkEyMFZTRkFzMHNpZzNhMzJBNk9lZWVqclhSRFM3b092TWhHaHpXVkcxekJ2bzAwNVphU3BJWWgreEp1UDA0CjQzOTlhQmc1dk8rbEgrSkd6cGtvbDZJcFNsN1V5SWVxdzlYUlpXZjFGbFVvQmgveW95NkZ1RFNaamkzRko4WEkKZU5HbGdZUXhzSDZIR2NINXl6T0tnZGJsajdJanJUSkZweERNUXRpcXhzRWJBYjZXblBjZndFcnV1b0huUDZrMQpIV3gwNjBhZmxnWXNTUFI3dnVtVk9xTmR5T0NjRmJJdDdQT2c2UVlqaXRBZ3k5N2pGNnlMV1FYb1JySkI1eGN1CnI4YkkwSkRHNHBDY3pJYWRXUytxc3VKcHluOENBd0VBQWFOQ01FQXdEZ1lEVlIwUEFRSC9CQVFEQWdJRU1BOEcKQTFVZEV3RUIvd1FGTUFNQkFmOHdIUVlEVlIwT0JCWUVGSk1WZU9say81c1dyQ00xUTd3MEFmSnliL01qTUEwRwpDU3FHU0liM0RRRUJDd1VBQTRJQmdRQ094L002L0oyam9wWUNiTjNlS2VlR0ovTlFkZHRzMksvUmJMSUN5dEsyCmRvQWtWaXAyZ1BzcnM5cWJuMHpFdVZjUkx4Qnd1Y2xXYWs5UWlpWXRRV1ptZkpiaHVsUzJjVVhNMml0T3F3SzgKSmFDY1FrN0ZFQzlpZ2U1S3Z6ZnY3T3lEcmw4ektZZHBsTUdQVkVnby9mUTJyc3lVd1Z2R2NodjRmVVFwTFJiYQpOVzBTKzk5alNBZ1BsSG5odUtSRnlzRUJuZWJMRTBkc3MxMWkwRVNGZ1FtWE84TmxYNVVmSjQzbDJDeUJEZGIxCjNyQjRKOVgzQ25MbkVCQ0t1cFNLelM2eXFwTWU4R1dpV2gwT1luTFREL3crUm9OTGtoVldldXF2ZWJUbkJGMlAKajI3dXlkMHEzVWJXb05GU1JRdUFBaU9wd1BudDQ3ZE1YOVErZ3ppWWdvdGZRSW85aTQ5N2pyT2tjK3g3NzJFNgpldDM0ZFRCN3ZrK0x6MkRQcWw0YzRhckpxemJ0RVdTY0srSjVLL3VWQmEvN3h2ZjZIamVpSjdmUS85Sm9FRGRsCmJIUmJ3UlY2V0luY0lmYWxoMGN6dmtTQ291OUJyTVB5bCtzM1lWaERoMUdiczRkUHBWdmNhbmJwWkwrVEk5QVAKeVpSNVBVWThhd1MwOTY1TzR0c3cvejQ9Ci0tLS0tRU5EIENFUlRJRklDQVRFLS0tLS0K",
                "password": "",
                "username": ""
              }
            ],
            "master_authorized_networks_config": [],
            "master_version": "1.21.6-gke.1500",
            "min_master_version": null,
            "monitoring_service": "monitoring.googleapis.com/kubernetes",
            "name": "hwterr-gke2",
            "network": "projects/hwterr/global/networks/hwterr-vpc",
            "network_policy": [
              {
                "enabled": false,
                "provider": "PROVIDER_UNSPECIFIED"
              }
            ],
            "node_config": [],
            "node_locations": [
              "us-central1-a",
              "us-central1-c",
              "us-central1-f"
            ],
            "node_pool": [],
            "node_version": "1.21.6-gke.1500",
            "operation": null,
            "pod_security_policy_config": [],
            "private_cluster_config": [],
            "project": "hwterr",
            "release_channel": [
              {
                "channel": "REGULAR"
              }
            ],
            "remove_default_node_pool": true,
            "resource_labels": null,
            "resource_usage_export_config": [],
            "self_link": "https://container.googleapis.com/v1beta1/projects/hwterr/locations/us-central1/clusters/hwterr-gke2",
            "services_ipv4_cidr": "10.220.0.0/20",
            "subnetwork": "projects/hwterr/regions/us-central1/subnetworks/hwterr-subnet",
            "timeouts": null,
            "vertical_pod_autoscaling": [],
            "workload_identity_config": []
          },
          "sensitive_attributes": [],
          "private": "eyJlMmJmYjczMC1lY2FhLTExZTYtOGY4OC0zNDM2M2JjN2M0YzAiOnsiY3JlYXRlIjoyNDAwMDAwMDAwMDAwLCJkZWxldGUiOjI0MDAwMDAwMDAwMDAsInJlYWQiOjI0MDAwMDAwMDAwMDAsInVwZGF0ZSI6MzYwMDAwMDAwMDAwMH0sInNjaGVtYV92ZXJzaW9uIjoiMSJ9",
          "dependencies": [
            "google_compute_network.vpc",
            "google_compute_subnetwork.subnet"
          ]
        }
      ]
    },
    {
      "mode": "managed",
      "type": "google_container_node_pool",
      "name": "primary_nodes",
      "provider": "provider[\"registry.terraform.io/hashicorp/google\"]",
      "instances": [
        {
          "schema_version": 1,
          "attributes": {
            "autoscaling": [],
            "cluster": "hwterr-gke2",
            "id": "projects/hwterr/locations/us-central1/clusters/hwterr-gke2/nodePools/hwterr-gke2-node-pool",
            "initial_node_count": 1,
            "instance_group_urls": [
              "https://www.googleapis.com/compute/v1/projects/hwterr/zones/us-central1-f/instanceGroupManagers/gke-hwterr-gke2-hwterr-gke2-node-pool-2d773ce8-grp",
              "https://www.googleapis.com/compute/v1/projects/hwterr/zones/us-central1-c/instanceGroupManagers/gke-hwterr-gke2-hwterr-gke2-node-pool-8fdd4487-grp",
              "https://www.googleapis.com/compute/v1/projects/hwterr/zones/us-central1-a/instanceGroupManagers/gke-hwterr-gke2-hwterr-gke2-node-pool-8dfb0318-grp"
            ],
            "location": "us-central1",
            "management": [
              {
                "auto_repair": true,
                "auto_upgrade": true
              }
            ],
            "max_pods_per_node": 110,
            "name": "hwterr-gke2-node-pool",
            "name_prefix": "",
            "node_config": [
              {
                "disk_size_gb": 100,
                "disk_type": "pd-standard",
                "guest_accelerator": [],
                "image_type": "COS_CONTAINERD",
                "labels": {
                  "env": "hwterr"
                },
                "local_ssd_count": 0,
                "machine_type": "n1-standard-1",
                "metadata": {
                  "disable-legacy-endpoints": "true"
                },
                "min_cpu_platform": "",
                "oauth_scopes": [
                  "https://www.googleapis.com/auth/cloud-platform"
                ],
                "preemptible": false,
                "service_account": "default",
                "shielded_instance_config": [
                  {
                    "enable_integrity_monitoring": true,
                    "enable_secure_boot": false
                  }
                ],
                "tags": [
                  "gke-node",
                  "hwterr-gke"
                ],
                "taint": [],
                "workload_metadata_config": []
              }
            ],
            "node_count": 1,
            "node_locations": [
              "us-central1-a",
              "us-central1-c",
              "us-central1-f"
            ],
            "project": "hwterr",
            "timeouts": null,
            "upgrade_settings": [
              {
                "max_surge": 1,
                "max_unavailable": 0
              }
            ],
            "version": "1.21.6-gke.1500"
          },
          "sensitive_attributes": [],
          "private": "eyJlMmJmYjczMC1lY2FhLTExZTYtOGY4OC0zNDM2M2JjN2M0YzAiOnsiY3JlYXRlIjoxODAwMDAwMDAwMDAwLCJkZWxldGUiOjE4MDAwMDAwMDAwMDAsInVwZGF0ZSI6MTgwMDAwMDAwMDAwMH0sInNjaGVtYV92ZXJzaW9uIjoiMSJ9",
          "dependencies": [
            "google_compute_network.vpc",
            "google_compute_subnetwork.subnet",
            "google_container_cluster.primary"
          ]
        }
      ]
    }
  ]
}
