{
  "version": 4,
  "terraform_version": "1.1.6",
  "serial": 8,
  "lineage": "465d7d8e-80b0-3108-74fb-ad411dd722bb",
  "outputs": {
    "kubernetes_cluster_host": {
      "value": "34.66.33.74",
      "type": "string"
    },
    "kubernetes_cluster_name": {
      "value": "hwterr-gke2",
      "type": "string"
    },
    "project_id": {
      "value": "hwterr",
      "type": "string"
    },
    "region": {
      "value": "us-central1",
      "type": "string"
    }
  },
  "resources": [
    {
      "mode": "managed",
      "type": "google_compute_network",
      "name": "vpc",
      "provider": "provider[\"registry.terraform.io/hashicorp/google\"]",
      "instances": [
        {
          "schema_version": 0,
          "attributes": {
            "auto_create_subnetworks": false,
            "delete_default_routes_on_create": false,
            "description": "",
            "gateway_ipv4": "",
            "id": "projects/hwterr/global/networks/hwterr-vpc",
            "mtu": 0,
            "name": "hwterr-vpc",
            "project": "hwterr",
            "routing_mode": "REGIONAL",
            "self_link": "https://www.googleapis.com/compute/v1/projects/hwterr/global/networks/hwterr-vpc",
            "timeouts": null
          },
          "sensitive_attributes": [],
          "private": "eyJlMmJmYjczMC1lY2FhLTExZTYtOGY4OC0zNDM2M2JjN2M0YzAiOnsiY3JlYXRlIjoyNDAwMDAwMDAwMDAsImRlbGV0ZSI6MjQwMDAwMDAwMDAwLCJ1cGRhdGUiOjI0MDAwMDAwMDAwMH19"
        }
      ]
    },
    {
      "mode": "managed",
      "type": "google_compute_subnetwork",
      "name": "subnet",
      "provider": "provider[\"registry.terraform.io/hashicorp/google\"]",
      "instances": [
        {
          "schema_version": 0,
          "attributes": {
            "creation_timestamp": "2022-02-16T02:15:38.661-08:00",
            "description": "",
            "fingerprint": null,
            "gateway_address": "10.10.0.1",
            "id": "projects/hwterr/regions/us-central1/subnetworks/hwterr-subnet",
            "ip_cidr_range": "10.10.0.0/24",
            "log_config": [],
            "name": "hwterr-subnet",
            "network": "https://www.googleapis.com/compute/v1/projects/hwterr/global/networks/hwterr-vpc",
            "private_ip_google_access": false,
            "private_ipv6_google_access": "DISABLE_GOOGLE_ACCESS",
            "project": "hwterr",
            "region": "us-central1",
            "secondary_ip_range": [],
            "self_link": "https://www.googleapis.com/compute/v1/projects/hwterr/regions/us-central1/subnetworks/hwterr-subnet",
            "timeouts": null
          },
          "sensitive_attributes": [],
          "private": "eyJlMmJmYjczMC1lY2FhLTExZTYtOGY4OC0zNDM2M2JjN2M0YzAiOnsiY3JlYXRlIjozNjAwMDAwMDAwMDAsImRlbGV0ZSI6MzYwMDAwMDAwMDAwLCJ1cGRhdGUiOjM2MDAwMDAwMDAwMH19",
          "dependencies": [
            "google_compute_network.vpc"
          ]
        }
      ]
    },
    {
      "mode": "managed",
      "type": "google_container_cluster",
      "name": "primary",
      "provider": "provider[\"registry.terraform.io/hashicorp/google\"]",
      "instances": [
        {
          "schema_version": 1,
          "attributes": {
            "addons_config": [
              {
                "cloudrun_config": [],
                "horizontal_pod_autoscaling": [],
                "http_load_balancing": [],
                "network_policy_config": [
                  {
                    "disabled": true
                  }
                ]
              }
            ],
            "authenticator_groups_config": [],
            "cluster_autoscaling": [
              {
                "auto_provisioning_defaults": [],
                "enabled": false,
                "resource_limits": []
              }
            ],
            "cluster_ipv4_cidr": "10.216.0.0/14",
            "database_encryption": [
              {
                "key_name": "",
                "state": "DECRYPTED"
              }
            ],
            "default_max_pods_per_node": 110,
            "description": "",
            "enable_binary_authorization": false,
            "enable_intranode_visibility": null,
            "enable_kubernetes_alpha": false,
            "enable_legacy_abac": false,
            "enable_shielded_nodes": false,
            "enable_tpu": null,
            "endpoint": "34.66.33.74",
            "id": "projects/hwterr/locations/us-central1/clusters/hwterr-gke2",
            "initial_node_count": 1,
            "instance_group_urls": [],
            "ip_allocation_policy": [
              {
                "cluster_ipv4_cidr_block": "10.216.0.0/14",
                "cluster_secondary_range_name": "gke-hwterr-gke2-pods-6e840b67",
                "services_ipv4_cidr_block": "10.220.0.0/20",
                "services_secondary_range_name": "gke-hwterr-gke2-services-6e840b67"
              }
            ],
            "label_fingerprint": "a9dc16a7",
            "location": "us-central1",
            "logging_service": "logging.googleapis.com/kubernetes",
            "maintenance_policy": [],
            "master_auth": [
              {
                "client_certificate": "",
                "client_certificate_config": [
                  {
                    "issue_client_certificate": false
                  }
                ],
                "client_key": "",
                "cluster_ca_certificate": "LS0tLS1CRUdJTiBDRVJUSUZJQ0FURS0tLS0tCk1JSUVMRENDQXBTZ0F3SUJBZ0lRSWdNT0tFdHJ5Ujl2RlNuL042alJnREFOQmdrcWhraUc5dzBCQVFzRkFEQXYKTVMwd0t3WURWUVFERXlSalpqVTNNakUwWkMwM09EZzJMVFJoTm1NdE9XTXlNaTB4TlRreU5EVmhZalkxT1RRdwpJQmNOTWpJd01qRTJNakF5TkRFM1doZ1BNakExTWpBeU1Ea3lNVEkwTVRkYU1DOHhMVEFyQmdOVkJBTVRKR05tCk5UY3lNVFJrTFRjNE9EWXROR0UyWXkwNVl6SXlMVEUxT1RJME5XRmlOalU1TkRDQ0FhSXdEUVlKS29aSWh2Y04KQVFFQkJRQURnZ0dQQURDQ0FZb0NnZ0dCQU5NQlBVUE1HMlB3Umc2MjJxWkhlRTIwL29aeEZkNk5UbnlIVkdySQpxQ3UreDRQcXFWdmFKdVVFSlA2OXpVcDNLWjNnZmhOSlVEbHFmY3JQUHh6QnJyOWZwMUxzS0ZjVG55cEUvMnNqCkdac3YvTWVlRUF2MlR2dXJwWHU2SFR2RnRrRktFdTRrbWl4bUErLyswZXp2RGRScHNKNlRlWWROU09vQ2p5cFAKMUhSc3VZZC9rZFNMYWpxL1UxcnRRQmN0eldUNW5aZmpQY3V2Ukw3Mnl4YVNYRVVwS3o1ZkMyaVhBS2czd3dtOApxaFYvdnlKMjRHMlhHYnNQUXNNTVdjWHpWTEZGLzlLNjlyL1ZOZ25uWElMVUEydWcyRmp3c0F4Z2hhSlYvMVM0Cm5oVWR6d1lFeTJ0VU95YTkvcnFtNWR3VjdvS1d6bG85bCs3Q3NZL3E0cFhKalNyaWlIUGJXdEFJUW02ZkNIVUEKRGZuQytNN0dINkhqMDdydEIzZnpPVGZENU9PdGpTVHAxWmhtYW1yWGZrL3A1QnNXUzlVMFF1aVNubzVabTgwQgpzcUFWWEJWWk00NHpabllKNUVYTUx1VXNsblZYMEl6QUVmeGdUL3ZyaUIzd21PajlrNGtMNWxkYUIwSkFsano0CnY2ZkRyRXloMEdOVmdtUm1BdWxpWStyVkdRSURBUUFCbzBJd1FEQU9CZ05WSFE4QkFmOEVCQU1DQWdRd0R3WUQKVlIwVEFRSC9CQVV3QXdFQi96QWRCZ05WSFE0RUZnUVU5Z3RRMHBIMFFnZnQvd3JISnZXYmFPOVpUcEV3RFFZSgpLb1pJaHZjTkFRRUxCUUFEZ2dHQkFBMkphUjNpMzRBM0tLdkdkWHhmY1lDMUpJbG55ZTZQZ0ZnMFptQmtYY0dxCkhoeVpDV3J3c2szWVJzaUlEMCtpYnlKQ3hjcUJjRmYyYVh6UmlaMDYxbXhadjNrdjFUMCtnNWkyQ3FHbGNVNmUKa3lzWmFKSmdDQ2hobkdYUVRNalJ0aWlMY1ZESUJINWRpa25TRFJxcXlsTHRCOEt0WjNCdS85Vmc0b0Fvdi9ZcgpyK0o1V1p5WHJPWTZYQWhKY2xJbUp5Uy9xYnE5cjFGWkFsRnltZHpnYUlwM2RtTVVvcGt6a1htUFJodlBhU01XCmZNY1pmY3BNRlJZQm9RQVNSNFg0NnJ6NWllVndHT2k4Nzc0K3EvQXVpcGJHVXJrcWROeUZGbzBINnQrMUpFMXQKYXBnT0czdUJ1cXEzRklDdzE1Q0VIRFFvVUFhNkRidzhwRG9LZE9IclVpTlJMdk96V05PUWN6RDlaWUxLT3hBcAoyaDNGT2VGVW42Y2NUZ2IxS09GS0JpUmZBTGZDMHhnOW15WXF2c3BGL2dUa25iTi9uUUVyeGova1M0OUVyME5xCkRDWE55VVZ2YVl5aDJCU256M1krM1U4UVRpYXNoZGI4SnNaR1FoeVhEUjFxR1JSTTlLeHNXbVdhTkxZRFRJanAKekVUZDR1ekcvclBKNzBqNEQ3UDVRZz09Ci0tLS0tRU5EIENFUlRJRklDQVRFLS0tLS0K",
                "password": "",
                "username": ""
              }
            ],
            "master_authorized_networks_config": [],
            "master_version": "1.21.6-gke.1500",
            "min_master_version": null,
            "monitoring_service": "monitoring.googleapis.com/kubernetes",
            "name": "hwterr-gke2",
            "network": "projects/hwterr/global/networks/hwterr-vpc",
            "network_policy": [
              {
                "enabled": false,
                "provider": "PROVIDER_UNSPECIFIED"
              }
            ],
            "node_config": [],
            "node_locations": [
              "us-central1-a",
              "us-central1-b",
              "us-central1-f"
            ],
            "node_pool": [],
            "node_version": "1.21.6-gke.1500",
            "operation": null,
            "pod_security_policy_config": [],
            "private_cluster_config": [],
            "project": "hwterr",
            "release_channel": [
              {
                "channel": "REGULAR"
              }
            ],
            "remove_default_node_pool": true,
            "resource_labels": null,
            "resource_usage_export_config": [],
            "self_link": "https://container.googleapis.com/v1beta1/projects/hwterr/locations/us-central1/clusters/hwterr-gke2",
            "services_ipv4_cidr": "10.220.0.0/20",
            "subnetwork": "projects/hwterr/regions/us-central1/subnetworks/hwterr-subnet",
            "timeouts": null,
            "vertical_pod_autoscaling": [],
            "workload_identity_config": []
          },
          "sensitive_attributes": [],
          "private": "eyJlMmJmYjczMC1lY2FhLTExZTYtOGY4OC0zNDM2M2JjN2M0YzAiOnsiY3JlYXRlIjoyNDAwMDAwMDAwMDAwLCJkZWxldGUiOjI0MDAwMDAwMDAwMDAsInJlYWQiOjI0MDAwMDAwMDAwMDAsInVwZGF0ZSI6MzYwMDAwMDAwMDAwMH0sInNjaGVtYV92ZXJzaW9uIjoiMSJ9",
          "dependencies": [
            "google_compute_network.vpc",
            "google_compute_subnetwork.subnet"
          ]
        }
      ]
    },
    {
      "mode": "managed",
      "type": "google_container_node_pool",
      "name": "primary_nodes",
      "provider": "provider[\"registry.terraform.io/hashicorp/google\"]",
      "instances": [
        {
          "schema_version": 1,
          "attributes": {
            "autoscaling": [],
            "cluster": "hwterr-gke2",
            "id": "projects/hwterr/locations/us-central1/clusters/hwterr-gke2/nodePools/hwterr-gke2-node-pool",
            "initial_node_count": 1,
            "instance_group_urls": [
              "https://www.googleapis.com/compute/v1/projects/hwterr/zones/us-central1-b/instanceGroupManagers/gke-hwterr-gke2-hwterr-gke2-node-pool-5aa177cf-grp",
              "https://www.googleapis.com/compute/v1/projects/hwterr/zones/us-central1-a/instanceGroupManagers/gke-hwterr-gke2-hwterr-gke2-node-pool-ca5e905c-grp",
              "https://www.googleapis.com/compute/v1/projects/hwterr/zones/us-central1-f/instanceGroupManagers/gke-hwterr-gke2-hwterr-gke2-node-pool-85f6ce3b-grp"
            ],
            "location": "us-central1",
            "management": [
              {
                "auto_repair": true,
                "auto_upgrade": true
              }
            ],
            "max_pods_per_node": 110,
            "name": "hwterr-gke2-node-pool",
            "name_prefix": "",
            "node_config": [
              {
                "disk_size_gb": 100,
                "disk_type": "pd-standard",
                "guest_accelerator": [],
                "image_type": "COS_CONTAINERD",
                "labels": {
                  "env": "hwterr"
                },
                "local_ssd_count": 0,
                "machine_type": "n1-standard-1",
                "metadata": {
                  "disable-legacy-endpoints": "true"
                },
                "min_cpu_platform": "",
                "oauth_scopes": [
                  "https://www.googleapis.com/auth/logging.write",
                  "https://www.googleapis.com/auth/monitoring",
                  "https://www.googleapis.com/auth/source.read_write"
                ],
                "preemptible": false,
                "service_account": "default",
                "shielded_instance_config": [
                  {
                    "enable_integrity_monitoring": true,
                    "enable_secure_boot": false
                  }
                ],
                "tags": [
                  "gke-node",
                  "hwterr-gke"
                ],
                "taint": [],
                "workload_metadata_config": []
              }
            ],
            "node_count": 1,
            "node_locations": [
              "us-central1-a",
              "us-central1-b",
              "us-central1-f"
            ],
            "project": "hwterr",
            "timeouts": null,
            "upgrade_settings": [
              {
                "max_surge": 1,
                "max_unavailable": 0
              }
            ],
            "version": "1.21.6-gke.1500"
          },
          "sensitive_attributes": [],
          "private": "eyJlMmJmYjczMC1lY2FhLTExZTYtOGY4OC0zNDM2M2JjN2M0YzAiOnsiY3JlYXRlIjoxODAwMDAwMDAwMDAwLCJkZWxldGUiOjE4MDAwMDAwMDAwMDAsInVwZGF0ZSI6MTgwMDAwMDAwMDAwMH0sInNjaGVtYV92ZXJzaW9uIjoiMSJ9",
          "dependencies": [
            "google_compute_network.vpc",
            "google_compute_subnetwork.subnet",
            "google_container_cluster.primary"
          ]
        }
      ]
    }
  ]
}
