{
  "version": 4,
  "terraform_version": "1.1.6",
  "serial": 26,
  "lineage": "465d7d8e-80b0-3108-74fb-ad411dd722bb",
  "outputs": {
    "kubernetes_cluster_host": {
      "value": "35.223.96.129",
      "type": "string"
    },
    "kubernetes_cluster_name": {
      "value": "hwterr-gke2",
      "type": "string"
    },
    "project_id": {
      "value": "hwterr",
      "type": "string"
    },
    "region": {
      "value": "us-central1",
      "type": "string"
    }
  },
  "resources": [
    {
      "mode": "managed",
      "type": "google_compute_network",
      "name": "vpc",
      "provider": "provider[\"registry.terraform.io/hashicorp/google\"]",
      "instances": [
        {
          "schema_version": 0,
          "attributes": {
            "auto_create_subnetworks": false,
            "delete_default_routes_on_create": false,
            "description": "",
            "gateway_ipv4": "",
            "id": "projects/hwterr/global/networks/hwterr-vpc",
            "mtu": 0,
            "name": "hwterr-vpc",
            "project": "hwterr",
            "routing_mode": "REGIONAL",
            "self_link": "https://www.googleapis.com/compute/v1/projects/hwterr/global/networks/hwterr-vpc",
            "timeouts": null
          },
          "sensitive_attributes": [],
          "private": "eyJlMmJmYjczMC1lY2FhLTExZTYtOGY4OC0zNDM2M2JjN2M0YzAiOnsiY3JlYXRlIjoyNDAwMDAwMDAwMDAsImRlbGV0ZSI6MjQwMDAwMDAwMDAwLCJ1cGRhdGUiOjI0MDAwMDAwMDAwMH19"
        }
      ]
    },
    {
      "mode": "managed",
      "type": "google_compute_subnetwork",
      "name": "subnet",
      "provider": "provider[\"registry.terraform.io/hashicorp/google\"]",
      "instances": [
        {
          "schema_version": 0,
          "attributes": {
            "creation_timestamp": "2022-02-16T02:15:38.661-08:00",
            "description": "",
            "fingerprint": null,
            "gateway_address": "10.10.0.1",
            "id": "projects/hwterr/regions/us-central1/subnetworks/hwterr-subnet",
            "ip_cidr_range": "10.10.0.0/24",
            "log_config": [],
            "name": "hwterr-subnet",
            "network": "https://www.googleapis.com/compute/v1/projects/hwterr/global/networks/hwterr-vpc",
            "private_ip_google_access": false,
            "private_ipv6_google_access": "DISABLE_GOOGLE_ACCESS",
            "project": "hwterr",
            "region": "us-central1",
            "secondary_ip_range": [],
            "self_link": "https://www.googleapis.com/compute/v1/projects/hwterr/regions/us-central1/subnetworks/hwterr-subnet",
            "timeouts": null
          },
          "sensitive_attributes": [],
          "private": "eyJlMmJmYjczMC1lY2FhLTExZTYtOGY4OC0zNDM2M2JjN2M0YzAiOnsiY3JlYXRlIjozNjAwMDAwMDAwMDAsImRlbGV0ZSI6MzYwMDAwMDAwMDAwLCJ1cGRhdGUiOjM2MDAwMDAwMDAwMH19",
          "dependencies": [
            "google_compute_network.vpc"
          ]
        }
      ]
    },
    {
      "mode": "managed",
      "type": "google_container_cluster",
      "name": "primary",
      "provider": "provider[\"registry.terraform.io/hashicorp/google\"]",
      "instances": [
        {
          "schema_version": 1,
          "attributes": {
            "addons_config": [
              {
                "cloudrun_config": [],
                "horizontal_pod_autoscaling": [],
                "http_load_balancing": [],
                "network_policy_config": [
                  {
                    "disabled": true
                  }
                ]
              }
            ],
            "authenticator_groups_config": [],
            "cluster_autoscaling": [
              {
                "auto_provisioning_defaults": [
                  {
                    "oauth_scopes": [
                      "https://www.googleapis.com/auth/logging.write",
                      "https://www.googleapis.com/auth/monitoring"
                    ],
                    "service_account": "default"
                  }
                ],
                "enabled": true,
                "resource_limits": [
                  {
                    "maximum": 30,
                    "minimum": 10,
                    "resource_type": "cpu"
                  },
                  {
                    "maximum": 48,
                    "minimum": 16,
                    "resource_type": "memory"
                  }
                ]
              }
            ],
            "cluster_ipv4_cidr": "10.216.0.0/14",
            "database_encryption": [
              {
                "key_name": "",
                "state": "DECRYPTED"
              }
            ],
            "default_max_pods_per_node": 110,
            "description": "",
            "enable_binary_authorization": false,
            "enable_intranode_visibility": null,
            "enable_kubernetes_alpha": false,
            "enable_legacy_abac": false,
            "enable_shielded_nodes": false,
            "enable_tpu": null,
            "endpoint": "35.223.96.129",
            "id": "projects/hwterr/locations/us-central1/clusters/hwterr-gke2",
            "initial_node_count": 1,
            "instance_group_urls": [],
            "ip_allocation_policy": [
              {
                "cluster_ipv4_cidr_block": "10.216.0.0/14",
                "cluster_secondary_range_name": "gke-hwterr-gke2-pods-98051b7e",
                "services_ipv4_cidr_block": "10.220.0.0/20",
                "services_secondary_range_name": "gke-hwterr-gke2-services-98051b7e"
              }
            ],
            "label_fingerprint": "a9dc16a7",
            "location": "us-central1",
            "logging_service": "logging.googleapis.com/kubernetes",
            "maintenance_policy": [],
            "master_auth": [
              {
                "client_certificate": "",
                "client_certificate_config": [
                  {
                    "issue_client_certificate": false
                  }
                ],
                "client_key": "",
                "cluster_ca_certificate": "LS0tLS1CRUdJTiBDRVJUSUZJQ0FURS0tLS0tCk1JSUVMRENDQXBTZ0F3SUJBZ0lRVDU3eEZFdWZwTGo0VitzejNwTTY2ekFOQmdrcWhraUc5dzBCQVFzRkFEQXYKTVMwd0t3WURWUVFERXlRMk9EbGxZamRtTUMxbU56WTJMVFEwTVdFdFltRTBOeTAzWWpFeE1ESmtNRGt5WkRBdwpJQmNOTWpJd01qRTRNVEF3T1RBeVdoZ1BNakExTWpBeU1URXhNVEE1TURKYU1DOHhMVEFyQmdOVkJBTVRKRFk0Ck9XVmlOMll3TFdZM05qWXRORFF4WVMxaVlUUTNMVGRpTVRFd01tUXdPVEprTURDQ0FhSXdEUVlKS29aSWh2Y04KQVFFQkJRQURnZ0dQQURDQ0FZb0NnZ0dCQU5FeXNPL2RHYzZCQnRQOFFMQUVrSXJWV2w3QUNMS3dlMGlKRS9oQwpzU3BhRmpoNmpwcjhNUlRyb2lQeEF4UC9vOVdRM2RCdjRvMlBUUjV3amV5ZnN6cm1kSjIwazhYRm5RaWFQeDhmCklFNXh5ZDVibGsyby85S1E0NEV5RkJJSEt5NzF5S2lMVWJ3cnV3aDh3MDEycEpnK0t6bU9GZFlheTl5SGdhYUQKM3pTeGZ1VytWV045RjI1Tk9CWlV1U3huTlUveUhQMXpza20ya3JRR3B5dkZwTHZyOGJlSkNKdG53NkkwbGpNOApXQ3JQdkR4RWFnMzBWYnlnRVZNRUpiMmFqeHZTRWZadG0wck1oSS85bzJxZ25kWWRNZDM2dGlVQ2w2ank0WnJQCllrVFZya3VzbGFQVWtyY1hOaDQ4V3JBdldDeFJEb242OEU5ZEVMVGM5MFdvWjlMemR2bGFnNWZDaXRsWlpxa3UKb1BRcno2OVExS0RTNGlsek1EN0V1emw5MTZrdGVZVXJUeHNnaHZ5dVpBQTY2Y2ltMjJqUlFkc0IwRnRudnFTNQpjQ3hjVXlzbWJjcmQ0MFU3eE1TQzREanJlWDhDOXJrZ3VZeXpNVjRGMlYzTC9Tb1NnQWpQdXdSZ1gyOTdrOFdCCkhLUXdzcDZ1Y2lvQW5Gc1ZkQWxBOUhLNEhRSURBUUFCbzBJd1FEQU9CZ05WSFE4QkFmOEVCQU1DQWdRd0R3WUQKVlIwVEFRSC9CQVV3QXdFQi96QWRCZ05WSFE0RUZnUVUwTVFRWDdOM3B1ci9pMzNPWUQ1eEpteGIyMEl3RFFZSgpLb1pJaHZjTkFRRUxCUUFEZ2dHQkFDOUtTY3BWYk45TE5nVEdGbElXTXcxU2l3VGZERHArOGUxWjFRUUtCUFp6CkNwOGtXcDh5QTVOTVpFd2hCUnQ0SmdNYzg0bWNkK293RmNQam96aU5MRTg2SkdvSDVmaUF5MUxYUldxNDJZQ0cKa0I1VGk5VFJyZmJrZXFtZlorK09kTW1RR21BTXJObUlVWmg5YW5LbEJRWE9KMFhmVWJDV2dNbG5UbXBBcENNNApzaU9wK1pGNHNJM1hIankybkZ3NXJGQjJaOExQNWNkMkd2M2loQ0tLc0hqQUtSQ0ViU2dUa2FyNVIxb3N6NkJICi9WU29jTERtMzNYdnBWY3l3amRJVEZqaXFrcXJRVFFGNlJhT3UvVCtHNTNzS050bHZxZ1dxazltUnE5TzQ3eVYKWVZ3elhadnR4c1JvL3pWalJRazlmQ1VUZUJ5WmpZdXkwL2VBd2M0QkdYT0FhMmZvSVUybW9NN1ZRZlk0akdxRwpCbkptQkF4S1pTRkEyTUhDbFlLNmtBYkxnYlF3cUdGajF0N0d3RXc3K2VITlFHMHdnSTlnQTlCWkp0ZC92R2xQCitDeld1blA4YVRUVms5dmVaZE9yMW5PVm9SaUtQZlN1MUZSbm9QUHRxT0tvVUp5S3lUVFozeGQ4c1NjNnA5Z2EKYVN0Q08wN05JNGpYMW9XU2gvYXY4QT09Ci0tLS0tRU5EIENFUlRJRklDQVRFLS0tLS0K",
                "password": "",
                "username": ""
              }
            ],
            "master_authorized_networks_config": [],
            "master_version": "1.21.6-gke.1500",
            "min_master_version": null,
            "monitoring_service": "monitoring.googleapis.com/kubernetes",
            "name": "hwterr-gke2",
            "network": "projects/hwterr/global/networks/hwterr-vpc",
            "network_policy": [
              {
                "enabled": false,
                "provider": "PROVIDER_UNSPECIFIED"
              }
            ],
            "node_config": [],
            "node_locations": [
              "us-central1-a",
              "us-central1-b",
              "us-central1-f"
            ],
            "node_pool": [],
            "node_version": "1.21.6-gke.1500",
            "operation": null,
            "pod_security_policy_config": [],
            "private_cluster_config": [],
            "project": "hwterr",
            "release_channel": [
              {
                "channel": "REGULAR"
              }
            ],
            "remove_default_node_pool": true,
            "resource_labels": null,
            "resource_usage_export_config": [],
            "self_link": "https://container.googleapis.com/v1beta1/projects/hwterr/locations/us-central1/clusters/hwterr-gke2",
            "services_ipv4_cidr": "10.220.0.0/20",
            "subnetwork": "projects/hwterr/regions/us-central1/subnetworks/hwterr-subnet",
            "timeouts": null,
            "vertical_pod_autoscaling": [],
            "workload_identity_config": []
          },
          "sensitive_attributes": [],
          "private": "eyJlMmJmYjczMC1lY2FhLTExZTYtOGY4OC0zNDM2M2JjN2M0YzAiOnsiY3JlYXRlIjoyNDAwMDAwMDAwMDAwLCJkZWxldGUiOjI0MDAwMDAwMDAwMDAsInJlYWQiOjI0MDAwMDAwMDAwMDAsInVwZGF0ZSI6MzYwMDAwMDAwMDAwMH0sInNjaGVtYV92ZXJzaW9uIjoiMSJ9",
          "dependencies": [
            "google_compute_network.vpc",
            "google_compute_subnetwork.subnet"
          ]
        }
      ]
    },
    {
      "mode": "managed",
      "type": "google_container_node_pool",
      "name": "primary_nodes",
      "provider": "provider[\"registry.terraform.io/hashicorp/google\"]",
      "instances": [
        {
          "schema_version": 1,
          "attributes": {
            "autoscaling": [
              {
                "max_node_count": 6,
                "min_node_count": 1
              }
            ],
            "cluster": "hwterr-gke2",
            "id": "projects/hwterr/locations/us-central1/clusters/hwterr-gke2/nodePools/hwterr-gke2-node-pool",
            "initial_node_count": 1,
            "instance_group_urls": [
              "https://www.googleapis.com/compute/v1/projects/hwterr/zones/us-central1-f/instanceGroupManagers/gke-hwterr-gke2-hwterr-gke2-node-pool-62fe40ef-grp",
              "https://www.googleapis.com/compute/v1/projects/hwterr/zones/us-central1-b/instanceGroupManagers/gke-hwterr-gke2-hwterr-gke2-node-pool-9fbee264-grp",
              "https://www.googleapis.com/compute/v1/projects/hwterr/zones/us-central1-a/instanceGroupManagers/gke-hwterr-gke2-hwterr-gke2-node-pool-0bb9d8d1-grp"
            ],
            "location": "us-central1",
            "management": [
              {
                "auto_repair": true,
                "auto_upgrade": true
              }
            ],
            "max_pods_per_node": 110,
            "name": "hwterr-gke2-node-pool",
            "name_prefix": "",
            "node_config": [
              {
                "disk_size_gb": 100,
                "disk_type": "pd-standard",
                "guest_accelerator": [],
                "image_type": "COS_CONTAINERD",
                "labels": {
                  "env": "hwterr"
                },
                "local_ssd_count": 0,
                "machine_type": "e2-medium",
                "metadata": {
                  "disable-legacy-endpoints": "true"
                },
                "min_cpu_platform": "",
                "oauth_scopes": [
                  "https://www.googleapis.com/auth/cloud-platform"
                ],
                "preemptible": false,
                "service_account": "default",
                "shielded_instance_config": [
                  {
                    "enable_integrity_monitoring": true,
                    "enable_secure_boot": false
                  }
                ],
                "tags": [
                  "gke-node",
                  "hwterr-gke"
                ],
                "taint": [],
                "workload_metadata_config": []
              }
            ],
            "node_count": 1,
            "node_locations": [
              "us-central1-a",
              "us-central1-b",
              "us-central1-f"
            ],
            "project": "hwterr",
            "timeouts": null,
            "upgrade_settings": [
              {
                "max_surge": 1,
                "max_unavailable": 0
              }
            ],
            "version": "1.21.6-gke.1500"
          },
          "sensitive_attributes": [],
          "private": "eyJlMmJmYjczMC1lY2FhLTExZTYtOGY4OC0zNDM2M2JjN2M0YzAiOnsiY3JlYXRlIjoxODAwMDAwMDAwMDAwLCJkZWxldGUiOjE4MDAwMDAwMDAwMDAsInVwZGF0ZSI6MTgwMDAwMDAwMDAwMH0sInNjaGVtYV92ZXJzaW9uIjoiMSJ9",
          "dependencies": [
            "google_compute_network.vpc",
            "google_compute_subnetwork.subnet",
            "google_container_cluster.primary"
          ]
        }
      ]
    }
  ]
}
