{
  "version": 4,
  "terraform_version": "1.1.6",
  "serial": 34,
  "lineage": "465d7d8e-80b0-3108-74fb-ad411dd722bb",
  "outputs": {
    "kubernetes_cluster_host": {
      "value": "104.198.191.161",
      "type": "string"
    },
    "kubernetes_cluster_name": {
      "value": "hwterr-gke1",
      "type": "string"
    },
    "project_id": {
      "value": "hwterr",
      "type": "string"
    },
    "region": {
      "value": "us-central1",
      "type": "string"
    }
  },
  "resources": [
    {
      "mode": "managed",
      "type": "google_compute_network",
      "name": "vpc",
      "provider": "provider[\"registry.terraform.io/hashicorp/google\"]",
      "instances": [
        {
          "schema_version": 0,
          "attributes": {
            "auto_create_subnetworks": false,
            "delete_default_routes_on_create": false,
            "description": "",
            "gateway_ipv4": "",
            "id": "projects/hwterr/global/networks/hwterr-vpc",
            "mtu": 0,
            "name": "hwterr-vpc",
            "project": "hwterr",
            "routing_mode": "REGIONAL",
            "self_link": "https://www.googleapis.com/compute/v1/projects/hwterr/global/networks/hwterr-vpc",
            "timeouts": null
          },
          "sensitive_attributes": [],
          "private": "eyJlMmJmYjczMC1lY2FhLTExZTYtOGY4OC0zNDM2M2JjN2M0YzAiOnsiY3JlYXRlIjoyNDAwMDAwMDAwMDAsImRlbGV0ZSI6MjQwMDAwMDAwMDAwLCJ1cGRhdGUiOjI0MDAwMDAwMDAwMH19"
        }
      ]
    },
    {
      "mode": "managed",
      "type": "google_compute_subnetwork",
      "name": "subnet",
      "provider": "provider[\"registry.terraform.io/hashicorp/google\"]",
      "instances": [
        {
          "schema_version": 0,
          "attributes": {
            "creation_timestamp": "2022-02-16T02:15:38.661-08:00",
            "description": "",
            "fingerprint": null,
            "gateway_address": "10.10.0.1",
            "id": "projects/hwterr/regions/us-central1/subnetworks/hwterr-subnet",
            "ip_cidr_range": "10.10.0.0/24",
            "log_config": [],
            "name": "hwterr-subnet",
            "network": "https://www.googleapis.com/compute/v1/projects/hwterr/global/networks/hwterr-vpc",
            "private_ip_google_access": false,
            "private_ipv6_google_access": "DISABLE_GOOGLE_ACCESS",
            "project": "hwterr",
            "region": "us-central1",
            "secondary_ip_range": [],
            "self_link": "https://www.googleapis.com/compute/v1/projects/hwterr/regions/us-central1/subnetworks/hwterr-subnet",
            "timeouts": null
          },
          "sensitive_attributes": [],
          "private": "eyJlMmJmYjczMC1lY2FhLTExZTYtOGY4OC0zNDM2M2JjN2M0YzAiOnsiY3JlYXRlIjozNjAwMDAwMDAwMDAsImRlbGV0ZSI6MzYwMDAwMDAwMDAwLCJ1cGRhdGUiOjM2MDAwMDAwMDAwMH19",
          "dependencies": [
            "google_compute_network.vpc"
          ]
        }
      ]
    },
    {
      "mode": "managed",
      "type": "google_container_cluster",
      "name": "primary",
      "provider": "provider[\"registry.terraform.io/hashicorp/google\"]",
      "instances": [
        {
          "schema_version": 1,
          "attributes": {
            "addons_config": [
              {
                "cloudrun_config": [],
                "horizontal_pod_autoscaling": [],
                "http_load_balancing": [],
                "network_policy_config": [
                  {
                    "disabled": true
                  }
                ]
              }
            ],
            "authenticator_groups_config": [],
            "cluster_autoscaling": [
              {
                "auto_provisioning_defaults": [
                  {
                    "oauth_scopes": [
                      "https://www.googleapis.com/auth/cloud-platform"
                    ],
                    "service_account": "default"
                  }
                ],
                "enabled": true,
                "resource_limits": [
                  {
                    "maximum": 30,
                    "minimum": 6,
                    "resource_type": "cpu"
                  },
                  {
                    "maximum": 48,
                    "minimum": 12,
                    "resource_type": "memory"
                  }
                ]
              }
            ],
            "cluster_ipv4_cidr": "10.84.0.0/14",
            "database_encryption": [
              {
                "key_name": "",
                "state": "DECRYPTED"
              }
            ],
            "default_max_pods_per_node": 110,
            "description": "",
            "enable_binary_authorization": false,
            "enable_intranode_visibility": null,
            "enable_kubernetes_alpha": false,
            "enable_legacy_abac": false,
            "enable_shielded_nodes": false,
            "enable_tpu": null,
            "endpoint": "104.198.191.161",
            "id": "projects/hwterr/locations/us-central1/clusters/hwterr-gke1",
            "initial_node_count": 1,
            "instance_group_urls": [],
            "ip_allocation_policy": [
              {
                "cluster_ipv4_cidr_block": "10.84.0.0/14",
                "cluster_secondary_range_name": "gke-hwterr-gke1-pods-f8f137a5",
                "services_ipv4_cidr_block": "10.88.0.0/20",
                "services_secondary_range_name": "gke-hwterr-gke1-services-f8f137a5"
              }
            ],
            "label_fingerprint": "a9dc16a7",
            "location": "us-central1",
            "logging_service": "logging.googleapis.com/kubernetes",
            "maintenance_policy": [],
            "master_auth": [
              {
                "client_certificate": "",
                "client_certificate_config": [
                  {
                    "issue_client_certificate": false
                  }
                ],
                "client_key": "",
                "cluster_ca_certificate": "LS0tLS1CRUdJTiBDRVJUSUZJQ0FURS0tLS0tCk1JSUVMRENDQXBTZ0F3SUJBZ0lRRWNGZlFmZlJ6eXRLRTBMa1AyN2t2VEFOQmdrcWhraUc5dzBCQVFzRkFEQXYKTVMwd0t3WURWUVFERXlReU5qaGhabVJqT1Mwd01tSXdMVFExTnpndFlqQTNaUzB4TXpJNVl6TmpORGt4TkdNdwpJQmNOTWpJd01qRTRNVEUwTXpJNVdoZ1BNakExTWpBeU1URXhNalF6TWpsYU1DOHhMVEFyQmdOVkJBTVRKREkyCk9HRm1aR001TFRBeVlqQXRORFUzT0MxaU1EZGxMVEV6TWpsak0yTTBPVEUwWXpDQ0FhSXdEUVlKS29aSWh2Y04KQVFFQkJRQURnZ0dQQURDQ0FZb0NnZ0dCQUxnU0tBc1lXOTRkVWdnN1ZNQVAweUF5Y0Y5S1hVOXcxSktZSFl3YwpLQ1ZNN0c2ZzRJMW96YjlremQ0UTV0S2x5Tnh3UjE4MjFqazlNc1Y3T2UzUkRoSFBZcnM4RW54YXo3U3psUXNVCkViZXJLV3Yxdyt3S3NPMzU1U1NmbUVtK1VtV3ovR0pnZHdhQ092anE2QStaZmpIMS9BanFONTEwTjAyczAwUHEKWXdFOEhyemhieEpBNnpac1hTYmVIZGJidWhqUzR5a0s3UldlbDlUTmg1RGNyNTZvTXBrRkl6RW5yQXNQbUFIRQpiTFhhaEsrcHJyVGt0WC9PQ2ZUcDhOZFptL0ljWEJya1c0R0hjU3VQSXg5eWZiWlFLb05aVzJNWEZ2b2FXTEJYClNyZXdLbFIveEVWN2VUK1grUHJYR0Jma2NUR25Ydk5pdW1ySTBJTU5GK1cvRHNNQkZMZDRqQnFTV0pORVhGWmwKY2JCU1V2Z0JPbmlRcmJvekRCajRva1FzREx5ai9kd0p6M3VKRmxhWXV1RWIvS0cvNDB6U0RGTWhzdUtUejFtWgpaNEJtRHc4KzRiQW1KNW0rNmFpdXltdnloUDBnWWU4ejA0THRBRFNRSWY3Ym9TcFlqQ05lbkFGQjVtVnNTdWE5Cmtnb2xha3FlRVFjNGFraGZqZWQvRWRZbHd3SURBUUFCbzBJd1FEQU9CZ05WSFE4QkFmOEVCQU1DQWdRd0R3WUQKVlIwVEFRSC9CQVV3QXdFQi96QWRCZ05WSFE0RUZnUVVVb1NnMmk2aU5JaWhkVXRaTURSOFpWSE9MRTR3RFFZSgpLb1pJaHZjTkFRRUxCUUFEZ2dHQkFMSU8va1JhSkxlUnIzT0pzUDJ1VDhXKzBKWXNVTDNrT1E5ZE9OZGZxbzBECkM4QjFXZjlMN0R4aktBdHU1Tzk2c1JhWDBoblA4VXgxaFdEaHR5Z0RXVWZmaEc5TWdZZ20vSG9CZHZZN1FSSFgKUWJRYUdmWDJ0dkFvelVYNHJpNnAzNytranNWZEpaOEF3TGw0Rkc5QkNWc3RMVTA4WFNOWWpZYVV4VUx4TGdFQwpjQW0zZzdNanVSbVdTdGZqZ3Y2ekRia3BtRmN6d0lUK0pac1hjZlNFdEFhUklhVG5DRFVjRFNBejlKWkxIeXgwCjFPblJhZ3NCSWdFT2VqUDFBalg1UHl4bDFiMG9xcjdISm4wcHdWMFVoWVZ5NWtDTUdKSEY0UXd1c28rT0VsZ00KV0lnT3VXUUdocDNwNjUvQnVsc0pOYUFVeXJYL0F6c0ZYTHhOVTlQeTFlT3RnajBEQWRDMUNIQlRjV1VPT0NDaApaemZHaE1rOUdxbVQ2SDRlK1JlK3hoQ3lGUWxhZGlnZ1pTZHV2UWpJV2szbHBXRkNFTkRpdHdVY2V6T0dWSE16Ck1GUkdWUEtaUHpSZ2k5OXFobndaaFFUZ2Q3cGswWlZGSk1USWxNM1BZOGdmOWhCTEJhM3BuNDMzMGp4NGx5U1AKMkFyV0ZBR1IzRTE2MGNuQWdZS051Zz09Ci0tLS0tRU5EIENFUlRJRklDQVRFLS0tLS0K",
                "password": "",
                "username": ""
              }
            ],
            "master_authorized_networks_config": [],
            "master_version": "1.21.6-gke.1500",
            "min_master_version": null,
            "monitoring_service": "monitoring.googleapis.com/kubernetes",
            "name": "hwterr-gke1",
            "network": "projects/hwterr/global/networks/hwterr-vpc",
            "network_policy": [
              {
                "enabled": false,
                "provider": "PROVIDER_UNSPECIFIED"
              }
            ],
            "node_config": [],
            "node_locations": [
              "us-central1-b",
              "us-central1-c",
              "us-central1-f"
            ],
            "node_pool": [],
            "node_version": "1.21.6-gke.1500",
            "operation": null,
            "pod_security_policy_config": [],
            "private_cluster_config": [],
            "project": "hwterr",
            "release_channel": [
              {
                "channel": "REGULAR"
              }
            ],
            "remove_default_node_pool": true,
            "resource_labels": null,
            "resource_usage_export_config": [],
            "self_link": "https://container.googleapis.com/v1beta1/projects/hwterr/locations/us-central1/clusters/hwterr-gke1",
            "services_ipv4_cidr": "10.88.0.0/20",
            "subnetwork": "projects/hwterr/regions/us-central1/subnetworks/hwterr-subnet",
            "timeouts": null,
            "vertical_pod_autoscaling": [],
            "workload_identity_config": []
          },
          "sensitive_attributes": [],
          "private": "eyJlMmJmYjczMC1lY2FhLTExZTYtOGY4OC0zNDM2M2JjN2M0YzAiOnsiY3JlYXRlIjoyNDAwMDAwMDAwMDAwLCJkZWxldGUiOjI0MDAwMDAwMDAwMDAsInJlYWQiOjI0MDAwMDAwMDAwMDAsInVwZGF0ZSI6MzYwMDAwMDAwMDAwMH0sInNjaGVtYV92ZXJzaW9uIjoiMSJ9",
          "dependencies": [
            "google_compute_network.vpc",
            "google_compute_subnetwork.subnet"
          ]
        }
      ]
    },
    {
      "mode": "managed",
      "type": "google_container_node_pool",
      "name": "primary_nodes",
      "provider": "provider[\"registry.terraform.io/hashicorp/google\"]",
      "instances": [
        {
          "schema_version": 1,
          "attributes": {
            "autoscaling": [
              {
                "max_node_count": 6,
                "min_node_count": 1
              }
            ],
            "cluster": "hwterr-gke1",
            "id": "projects/hwterr/locations/us-central1/clusters/hwterr-gke1/nodePools/hwterr-gke1-node-pool",
            "initial_node_count": 1,
            "instance_group_urls": [
              "https://www.googleapis.com/compute/v1/projects/hwterr/zones/us-central1-f/instanceGroupManagers/gke-hwterr-gke1-hwterr-gke1-node-pool-b0d1e975-grp",
              "https://www.googleapis.com/compute/v1/projects/hwterr/zones/us-central1-b/instanceGroupManagers/gke-hwterr-gke1-hwterr-gke1-node-pool-6c8ff44f-grp",
              "https://www.googleapis.com/compute/v1/projects/hwterr/zones/us-central1-c/instanceGroupManagers/gke-hwterr-gke1-hwterr-gke1-node-pool-6774d995-grp"
            ],
            "location": "us-central1",
            "management": [
              {
                "auto_repair": true,
                "auto_upgrade": true
              }
            ],
            "max_pods_per_node": 110,
            "name": "hwterr-gke1-node-pool",
            "name_prefix": "",
            "node_config": [
              {
                "disk_size_gb": 100,
                "disk_type": "pd-standard",
                "guest_accelerator": [],
                "image_type": "COS_CONTAINERD",
                "labels": {
                  "env": "hwterr"
                },
                "local_ssd_count": 0,
                "machine_type": "e2-medium",
                "metadata": {
                  "disable-legacy-endpoints": "true"
                },
                "min_cpu_platform": "",
                "oauth_scopes": [
                  "https://www.googleapis.com/auth/cloud-platform"
                ],
                "preemptible": false,
                "service_account": "default",
                "shielded_instance_config": [
                  {
                    "enable_integrity_monitoring": true,
                    "enable_secure_boot": false
                  }
                ],
                "tags": [
                  "gke-node",
                  "hwterr-gke"
                ],
                "taint": [],
                "workload_metadata_config": []
              }
            ],
            "node_count": 1,
            "node_locations": [
              "us-central1-b",
              "us-central1-c",
              "us-central1-f"
            ],
            "project": "hwterr",
            "timeouts": null,
            "upgrade_settings": [
              {
                "max_surge": 1,
                "max_unavailable": 0
              }
            ],
            "version": "1.21.6-gke.1500"
          },
          "sensitive_attributes": [],
          "private": "eyJlMmJmYjczMC1lY2FhLTExZTYtOGY4OC0zNDM2M2JjN2M0YzAiOnsiY3JlYXRlIjoxODAwMDAwMDAwMDAwLCJkZWxldGUiOjE4MDAwMDAwMDAwMDAsInVwZGF0ZSI6MTgwMDAwMDAwMDAwMH0sInNjaGVtYV92ZXJzaW9uIjoiMSJ9",
          "dependencies": [
            "google_compute_network.vpc",
            "google_compute_subnetwork.subnet",
            "google_container_cluster.primary"
          ]
        }
      ]
    }
  ]
}
